<?xml version="1.0" encoding="utf-8"?>
<Project ToolsVersion="4.0" xmlns="http://schemas.microsoft.com/developer/msbuild/2003">
  <ItemGroup>
    <Filter Include="Source Files">
      <UniqueIdentifier>{4FC737F1-C7A5-4376-A066-2A32D752A2FF}</UniqueIdentifier>
      <Extensions>cpp;c;cc;cxx;def;odl;idl;hpj;bat;asm;asmx</Extensions>
    </Filter>
    <Filter Include="Header Files">
      <UniqueIdentifier>{93995380-89BD-4b04-88EB-625FBE52EBFB}</UniqueIdentifier>
      <Extensions>h;hh;hpp;hxx;hm;inl;inc;xsd</Extensions>
    </Filter>
    <Filter Include="Resource Files">
      <UniqueIdentifier>{67DA6AB6-F800-4c08-8B7A-83BB121AAD01}</UniqueIdentifier>
      <Extensions>rc;ico;cur;bmp;dlg;rc2;rct;bin;rgs;gif;jpg;jpeg;jpe;resx;tiff;tif;png;wav;mfcribbon-ms</Extensions>
    </Filter>
    <Filter Include="external source">
      <UniqueIdentifier>{389b9320-1aa3-428d-b127-80ab1e8e7aa0}</UniqueIdentifier>
    </Filter>
    <Filter Include="External Source Files">
      <UniqueIdentifier>{c49131cf-1b6f-4da7-a276-feb0b9cb7f4e}</UniqueIdentifier>
    </Filter>
  </ItemGroup>
  <ItemGroup>
    <Text Include="ReadMe.txt" />
  </ItemGroup>
  <ItemGroup>
    <ClInclude Include="stdafx.h">
      <Filter>Header Files</Filter>
    </ClInclude>
    <ClInclude Include="targetver.h">
      <Filter>Header Files</Filter>
    </ClInclude>
    <ClInclude Include="TestMode.h">
      <Filter>Header Files</Filter>
    </ClInclude>
    <ClInclude Include="GameMemory.h">
      <Filter>Header Files</Filter>
    </ClInclude>
    <ClInclude Include="NetworkUtilities.h">
      <Filter>Header Files</Filter>
    </ClInclude>
    <ClInclude Include="GameUtilities.h">
      <Filter>Header Files</Filter>
    </ClInclude>
    <ClInclude Include="MultiplayerMode.h">
      <Filter>Header Files</Filter>
    </ClInclude>
    <ClInclude Include="ResourceUtilities.h">
      <Filter>Header Files</Filter>
    </ClInclude>
  </ItemGroup>
  <ItemGroup>
    <ClCompile Include="stdafx.cpp">
      <Filter>Source Files</Filter>
    </ClCompile>
    <ClCompile Include="FlexKitApplication.cpp">
      <Filter>Source Files</Filter>
    </ClCompile>
    <ClCompile Include="..\Dependencies\sdks\physx\Source\PhysXExtensions\src\ExtDefaultErrorCallback.cpp">
      <Filter>external source</Filter>
    </ClCompile>
    <ClCompile Include="NetworkUtilities.cpp">
      <Filter>Source Files</Filter>
    </ClCompile>
    <ClCompile Include="TestMode.cpp">
      <Filter>Source Files</Filter>
    </ClCompile>
    <ClCompile Include="GameUtilities.cpp">
      <Filter>Source Files</Filter>
    </ClCompile>
    <ClCompile Include="MultiplayerMode.cpp">
      <Filter>Source Files</Filter>
    </ClCompile>
    <ClCompile Include="ResourceUtilities.cpp">
      <Filter>Source Files</Filter>
    </ClCompile>
  </ItemGroup>
</Project>