
Microsoft Visual Studio Solution File, Format Version 12.00
# Visual Studio Version 17
VisualStudioVersion = 17.0.31423.177
MinimumVisualStudioVersion = 10.0.40219.1
Project("{8BC9CEB8-8B4A-11D0-8D11-00A0C91BC942}") = "TestGame", "TestGame\TestGame.vcxproj", "{BF10A474-ABDD-FE7F-D4F6-EC27C022340E}"
EndProject
Project("{8BC9CEB8-8B4A-11D0-8D11-00A0C91BC942}") = "flxEditor", "flxEditor\flxEditor.vcxproj", "{31EBEF0D-793C-4B4D-84A1-EAF0AE305B60}"
EndProject
Project("{8BC9CEB8-8B4A-11D0-8D11-00A0C91BC942}") = "TriangleTriangleIntersectionTest", "Temp\Temp.vcxproj", "{90611E9C-5078-49DF-B5CF-B772032BAB5D}"
EndProject
Project("{8BC9CEB8-8B4A-11D0-8D11-00A0C91BC942}") = "SignalsAndSlotsTest", "SignalsAndSlotsTest\SignalsAndSlotsTest.vcxproj", "{D57D7D90-B393-48D7-ABF1-5814E8CA0CA3}"
	ProjectSection(ProjectDependencies) = postProject
		{4522C393-E928-4AAA-9C7E-B0D4A5E011D6} = {4522C393-E928-4AAA-9C7E-B0D4A5E011D6}
	EndProjectSection
EndProject
Project("{8BC9CEB8-8B4A-11D0-8D11-00A0C91BC942}") = "Tessellation", "Tessellation\Tessellation.vcxproj", "{4F20EA09-A847-459E-98B7-1E36D7636727}"
EndProject
Project("{8BC9CEB8-8B4A-11D0-8D11-00A0C91BC942}") = "Engine", "Engine\Engine.vcxproj", "{4522C393-E928-4AAA-9C7E-B0D4A5E011D6}"
EndProject
Project("{8BC9CEB8-8B4A-11D0-8D11-00A0C91BC942}") = "HairRenderingExample", "HairRenderingExample\HairRenderingExample.vcxproj", "{31215F1A-28AA-46AA-85B0-31343BC63786}"
EndProject
Project("{8BC9CEB8-8B4A-11D0-8D11-00A0C91BC942}") = "MergePathSortTest", "MergePathSortTest\MergePathSortTest.vcxproj", "{7A4C6073-D26A-4212-B0FF-2FD78D2EDB98}"
EndProject
Project("{8BC9CEB8-8B4A-11D0-8D11-00A0C91BC942}") = "TextureStreamingTest", "TextureStreamingTest\TextureStreamingTest.vcxproj", "{233CC021-9348-439B-8D0F-3E714DBE39F8}"
EndProject
Project("{8BC9CEB8-8B4A-11D0-8D11-00A0C91BC942}") = "PhysicsTest", "PhysicsTest\PhysicsTest.vcxproj", "{F9692A62-B26D-4F57-AD20-8E8660522EE5}"
EndProject
Project("{8BC9CEB8-8B4A-11D0-8D11-00A0C91BC942}") = "ProceduralGeneration", "ProceduralGeneration\ProceduralGeneration.vcxproj", "{8D62357C-3865-4201-A51D-24DD11A361B1}"
EndProject
Project("{8BC9CEB8-8B4A-11D0-8D11-00A0C91BC942}") = "ShapeKeyTest", "ShapeKeyTest\ShapeKeyTest.vcxproj", "{68C04131-F2BF-4194-BD6C-E0EB9B092AB3}"
EndProject
Global
	GlobalSection(SolutionConfigurationPlatforms) = preSolution
		Debug|x64 = Debug|x64
		Debug|x86 = Debug|x86
		Release|x64 = Release|x64
		Release|x86 = Release|x86
		UnityBuild|x64 = UnityBuild|x64
		UnityBuild|x86 = UnityBuild|x86
	EndGlobalSection
	GlobalSection(ProjectConfigurationPlatforms) = postSolution
		{BF10A474-ABDD-FE7F-D4F6-EC27C022340E}.Debug|x64.ActiveCfg = Debug|x64
		{BF10A474-ABDD-FE7F-D4F6-EC27C022340E}.Debug|x86.ActiveCfg = Debug|x64
		{BF10A474-ABDD-FE7F-D4F6-EC27C022340E}.Release|x64.ActiveCfg = Release|x64
		{BF10A474-ABDD-FE7F-D4F6-EC27C022340E}.Release|x86.ActiveCfg = Release|x64
		{BF10A474-ABDD-FE7F-D4F6-EC27C022340E}.UnityBuild|x64.ActiveCfg = UnityBuild|x64
		{BF10A474-ABDD-FE7F-D4F6-EC27C022340E}.UnityBuild|x64.Build.0 = UnityBuild|x64
		{BF10A474-ABDD-FE7F-D4F6-EC27C022340E}.UnityBuild|x86.ActiveCfg = UnityBuild|x64
		{BF10A474-ABDD-FE7F-D4F6-EC27C022340E}.UnityBuild|x86.Build.0 = UnityBuild|x64
		{31EBEF0D-793C-4B4D-84A1-EAF0AE305B60}.Debug|x64.ActiveCfg = Debug|x64
		{31EBEF0D-793C-4B4D-84A1-EAF0AE305B60}.Debug|x86.ActiveCfg = Debug|x64
		{31EBEF0D-793C-4B4D-84A1-EAF0AE305B60}.Release|x64.ActiveCfg = Release|x64
		{31EBEF0D-793C-4B4D-84A1-EAF0AE305B60}.Release|x86.ActiveCfg = Release|x64
		{31EBEF0D-793C-4B4D-84A1-EAF0AE305B60}.UnityBuild|x64.ActiveCfg = UnityBuild|x64
		{31EBEF0D-793C-4B4D-84A1-EAF0AE305B60}.UnityBuild|x86.ActiveCfg = UnityBuild|x64
		{31EBEF0D-793C-4B4D-84A1-EAF0AE305B60}.UnityBuild|x86.Build.0 = UnityBuild|x64
		{90611E9C-5078-49DF-B5CF-B772032BAB5D}.Debug|x64.ActiveCfg = Debug|x64
		{90611E9C-5078-49DF-B5CF-B772032BAB5D}.Debug|x86.ActiveCfg = Debug|Win32
		{90611E9C-5078-49DF-B5CF-B772032BAB5D}.Debug|x86.Build.0 = Debug|Win32
		{90611E9C-5078-49DF-B5CF-B772032BAB5D}.Release|x64.ActiveCfg = Release|x64
		{90611E9C-5078-49DF-B5CF-B772032BAB5D}.Release|x86.ActiveCfg = Release|Win32
		{90611E9C-5078-49DF-B5CF-B772032BAB5D}.Release|x86.Build.0 = Release|Win32
		{90611E9C-5078-49DF-B5CF-B772032BAB5D}.UnityBuild|x64.ActiveCfg = UnityBuild|x64
		{90611E9C-5078-49DF-B5CF-B772032BAB5D}.UnityBuild|x86.ActiveCfg = UnityBuild|Win32
		{D57D7D90-B393-48D7-ABF1-5814E8CA0CA3}.Debug|x64.ActiveCfg = Debug|x64
		{D57D7D90-B393-48D7-ABF1-5814E8CA0CA3}.Debug|x86.ActiveCfg = Debug|Win32
		{D57D7D90-B393-48D7-ABF1-5814E8CA0CA3}.Debug|x86.Build.0 = Debug|Win32
		{D57D7D90-B393-48D7-ABF1-5814E8CA0CA3}.Release|x64.ActiveCfg = Release|x64
		{D57D7D90-B393-48D7-ABF1-5814E8CA0CA3}.Release|x86.ActiveCfg = Release|Win32
		{D57D7D90-B393-48D7-ABF1-5814E8CA0CA3}.Release|x86.Build.0 = Release|Win32
		{D57D7D90-B393-48D7-ABF1-5814E8CA0CA3}.UnityBuild|x64.ActiveCfg = UnityBuild|x64
		{D57D7D90-B393-48D7-ABF1-5814E8CA0CA3}.UnityBuild|x86.ActiveCfg = UnityBuild|Win32
		{4F20EA09-A847-459E-98B7-1E36D7636727}.Debug|x64.ActiveCfg = Debug|x64
		{4F20EA09-A847-459E-98B7-1E36D7636727}.Debug|x86.ActiveCfg = Debug|Win32
		{4F20EA09-A847-459E-98B7-1E36D7636727}.Debug|x86.Build.0 = Debug|Win32
		{4F20EA09-A847-459E-98B7-1E36D7636727}.Release|x64.ActiveCfg = Release|x64
		{4F20EA09-A847-459E-98B7-1E36D7636727}.Release|x86.ActiveCfg = Release|Win32
		{4F20EA09-A847-459E-98B7-1E36D7636727}.Release|x86.Build.0 = Release|Win32
		{4F20EA09-A847-459E-98B7-1E36D7636727}.UnityBuild|x64.ActiveCfg = UnityBuild|x64
		{4F20EA09-A847-459E-98B7-1E36D7636727}.UnityBuild|x86.ActiveCfg = UnityBuild|Win32
		{4522C393-E928-4AAA-9C7E-B0D4A5E011D6}.Debug|x64.ActiveCfg = Debug|x64
		{4522C393-E928-4AAA-9C7E-B0D4A5E011D6}.Debug|x86.ActiveCfg = Debug|Win32
		{4522C393-E928-4AAA-9C7E-B0D4A5E011D6}.Debug|x86.Build.0 = Debug|Win32
		{4522C393-E928-4AAA-9C7E-B0D4A5E011D6}.Release|x64.ActiveCfg = Release|x64
		{4522C393-E928-4AAA-9C7E-B0D4A5E011D6}.Release|x86.ActiveCfg = Release|Win32
		{4522C393-E928-4AAA-9C7E-B0D4A5E011D6}.Release|x86.Build.0 = Release|Win32
		{4522C393-E928-4AAA-9C7E-B0D4A5E011D6}.UnityBuild|x64.ActiveCfg = Debug|x64
		{4522C393-E928-4AAA-9C7E-B0D4A5E011D6}.UnityBuild|x64.Build.0 = Debug|x64
		{4522C393-E928-4AAA-9C7E-B0D4A5E011D6}.UnityBuild|x86.ActiveCfg = Debug|Win32
		{4522C393-E928-4AAA-9C7E-B0D4A5E011D6}.UnityBuild|x86.Build.0 = Debug|Win32
		{31215F1A-28AA-46AA-85B0-31343BC63786}.Debug|x64.ActiveCfg = Debug|x64
		{31215F1A-28AA-46AA-85B0-31343BC63786}.Debug|x86.ActiveCfg = Debug|Win32
		{31215F1A-28AA-46AA-85B0-31343BC63786}.Debug|x86.Build.0 = Debug|Win32
		{31215F1A-28AA-46AA-85B0-31343BC63786}.Release|x64.ActiveCfg = Release|x64
		{31215F1A-28AA-46AA-85B0-31343BC63786}.Release|x86.ActiveCfg = Release|Win32
		{31215F1A-28AA-46AA-85B0-31343BC63786}.Release|x86.Build.0 = Release|Win32
		{31215F1A-28AA-46AA-85B0-31343BC63786}.UnityBuild|x64.ActiveCfg = Debug|x64
		{31215F1A-28AA-46AA-85B0-31343BC63786}.UnityBuild|x64.Build.0 = Debug|x64
		{31215F1A-28AA-46AA-85B0-31343BC63786}.UnityBuild|x86.ActiveCfg = Debug|Win32
		{31215F1A-28AA-46AA-85B0-31343BC63786}.UnityBuild|x86.Build.0 = Debug|Win32
		{7A4C6073-D26A-4212-B0FF-2FD78D2EDB98}.Debug|x64.ActiveCfg = Debug|x64
		{7A4C6073-D26A-4212-B0FF-2FD78D2EDB98}.Debug|x86.ActiveCfg = Debug|Win32
		{7A4C6073-D26A-4212-B0FF-2FD78D2EDB98}.Debug|x86.Build.0 = Debug|Win32
		{7A4C6073-D26A-4212-B0FF-2FD78D2EDB98}.Release|x64.ActiveCfg = Release|x64
		{7A4C6073-D26A-4212-B0FF-2FD78D2EDB98}.Release|x86.ActiveCfg = Release|Win32
		{7A4C6073-D26A-4212-B0FF-2FD78D2EDB98}.Release|x86.Build.0 = Release|Win32
		{7A4C6073-D26A-4212-B0FF-2FD78D2EDB98}.UnityBuild|x64.ActiveCfg = Debug|x64
		{7A4C6073-D26A-4212-B0FF-2FD78D2EDB98}.UnityBuild|x64.Build.0 = Debug|x64
		{7A4C6073-D26A-4212-B0FF-2FD78D2EDB98}.UnityBuild|x86.ActiveCfg = Debug|Win32
		{7A4C6073-D26A-4212-B0FF-2FD78D2EDB98}.UnityBuild|x86.Build.0 = Debug|Win32
		{233CC021-9348-439B-8D0F-3E714DBE39F8}.Debug|x64.ActiveCfg = Debug|x64
		{233CC021-9348-439B-8D0F-3E714DBE39F8}.Debug|x86.ActiveCfg = Debug|Win32
		{233CC021-9348-439B-8D0F-3E714DBE39F8}.Debug|x86.Build.0 = Debug|Win32
		{233CC021-9348-439B-8D0F-3E714DBE39F8}.Release|x64.ActiveCfg = Release|x64
		{233CC021-9348-439B-8D0F-3E714DBE39F8}.Release|x86.ActiveCfg = Release|Win32
		{233CC021-9348-439B-8D0F-3E714DBE39F8}.Release|x86.Build.0 = Release|Win32
		{233CC021-9348-439B-8D0F-3E714DBE39F8}.UnityBuild|x64.ActiveCfg = Debug|x64
		{233CC021-9348-439B-8D0F-3E714DBE39F8}.UnityBuild|x64.Build.0 = Debug|x64
		{233CC021-9348-439B-8D0F-3E714DBE39F8}.UnityBuild|x86.ActiveCfg = Debug|Win32
		{233CC021-9348-439B-8D0F-3E714DBE39F8}.UnityBuild|x86.Build.0 = Debug|Win32
		{F9692A62-B26D-4F57-AD20-8E8660522EE5}.Debug|x64.ActiveCfg = Debug|x64
		{F9692A62-B26D-4F57-AD20-8E8660522EE5}.Debug|x86.ActiveCfg = Debug|Win32
		{F9692A62-B26D-4F57-AD20-8E8660522EE5}.Debug|x86.Build.0 = Debug|Win32
		{F9692A62-B26D-4F57-AD20-8E8660522EE5}.Release|x64.ActiveCfg = Release|x64
		{F9692A62-B26D-4F57-AD20-8E8660522EE5}.Release|x64.Build.0 = Release|x64
		{F9692A62-B26D-4F57-AD20-8E8660522EE5}.Release|x86.ActiveCfg = Release|Win32
		{F9692A62-B26D-4F57-AD20-8E8660522EE5}.Release|x86.Build.0 = Release|Win32
		{F9692A62-B26D-4F57-AD20-8E8660522EE5}.UnityBuild|x64.ActiveCfg = Debug|x64
		{F9692A62-B26D-4F57-AD20-8E8660522EE5}.UnityBuild|x64.Build.0 = Debug|x64
		{F9692A62-B26D-4F57-AD20-8E8660522EE5}.UnityBuild|x86.ActiveCfg = Debug|Win32
		{F9692A62-B26D-4F57-AD20-8E8660522EE5}.UnityBuild|x86.Build.0 = Debug|Win32
		{8D62357C-3865-4201-A51D-24DD11A361B1}.Debug|x64.ActiveCfg = Debug|x64
		{8D62357C-3865-4201-A51D-24DD11A361B1}.Debug|x86.ActiveCfg = Debug|Win32
		{8D62357C-3865-4201-A51D-24DD11A361B1}.Debug|x86.Build.0 = Debug|Win32
		{8D62357C-3865-4201-A51D-24DD11A361B1}.Release|x64.ActiveCfg = Release|x64
		{8D62357C-3865-4201-A51D-24DD11A361B1}.Release|x86.ActiveCfg = Release|Win32
		{8D62357C-3865-4201-A51D-24DD11A361B1}.Release|x86.Build.0 = Release|Win32
		{8D62357C-3865-4201-A51D-24DD11A361B1}.UnityBuild|x64.ActiveCfg = Debug|x64
		{8D62357C-3865-4201-A51D-24DD11A361B1}.UnityBuild|x64.Build.0 = Debug|x64
		{8D62357C-3865-4201-A51D-24DD11A361B1}.UnityBuild|x86.ActiveCfg = Debug|Win32
		{8D62357C-3865-4201-A51D-24DD11A361B1}.UnityBuild|x86.Build.0 = Debug|Win32
		{68C04131-F2BF-4194-BD6C-E0EB9B092AB3}.Debug|x64.ActiveCfg = Debug|x64
		{68C04131-F2BF-4194-BD6C-E0EB9B092AB3}.Debug|x64.Build.0 = Debug|x64
		{68C04131-F2BF-4194-BD6C-E0EB9B092AB3}.Debug|x86.ActiveCfg = Debug|Win32
		{68C04131-F2BF-4194-BD6C-E0EB9B092AB3}.Debug|x86.Build.0 = Debug|Win32
		{68C04131-F2BF-4194-BD6C-E0EB9B092AB3}.Release|x64.ActiveCfg = Release|x64
		{68C04131-F2BF-4194-BD6C-E0EB9B092AB3}.Release|x64.Build.0 = Release|x64
		{68C04131-F2BF-4194-BD6C-E0EB9B092AB3}.Release|x86.ActiveCfg = Release|Win32
		{68C04131-F2BF-4194-BD6C-E0EB9B092AB3}.Release|x86.Build.0 = Release|Win32
		{68C04131-F2BF-4194-BD6C-E0EB9B092AB3}.UnityBuild|x64.ActiveCfg = Debug|x64
		{68C04131-F2BF-4194-BD6C-E0EB9B092AB3}.UnityBuild|x64.Build.0 = Debug|x64
		{68C04131-F2BF-4194-BD6C-E0EB9B092AB3}.UnityBuild|x86.ActiveCfg = Debug|Win32
		{68C04131-F2BF-4194-BD6C-E0EB9B092AB3}.UnityBuild|x86.Build.0 = Debug|Win32
	EndGlobalSection
	GlobalSection(SolutionProperties) = preSolution
		HideSolutionNode = FALSE
	EndGlobalSection
	GlobalSection(ExtensibilityGlobals) = postSolution
		Qt5Version = qt5
		SolutionGuid = {4F8D44AA-933C-484E-B443-E8BC15140F28}
	EndGlobalSection
EndGlobal
