
Microsoft Visual Studio Solution File, Format Version 12.00
# Visual Studio 14
VisualStudioVersion = 14.0.25123.0
MinimumVisualStudioVersion = 10.0.40219.1
Project("{8BC9CEB8-8B4A-11D0-8D11-00A0C91BC942}") = "FlexKit", "FlexKit.vcxproj", "{54DB6A2B-4E65-4379-AF8B-4245F63D6512}"
EndProject
Project("{8BC9CEB8-8B4A-11D0-8D11-00A0C91BC942}") = "FlexKitApplication", "Application\FlexKitApplication.vcxproj", "{A0D6FF61-30E0-4936-A264-4F4EDD102EA8}"
EndProject
Project("{2150E333-8FDC-42A3-9474-1A3956D46DE8}") = "Solution Items", "Solution Items", "{0DEABFB8-0A13-4C66-8AE8-673A0ACD624D}"
	ProjectSection(SolutionItems) = preProject
		Containers.natvis = Containers.natvis
		Performance1.psess = Performance1.psess
		Performance2.psess = Performance2.psess
		Performance3.psess = Performance3.psess
		Performance4.psess = Performance4.psess
		Performance5.psess = Performance5.psess
		Performance6.psess = Performance6.psess
	EndProjectSection
EndProject
Project("{8BC9CEB8-8B4A-11D0-8D11-00A0C91BC942}") = "Test", "..\Test\Test.vcxproj", "{A9D1B65D-23C6-417C-81DB-5C66C01BCB4E}"
EndProject
Project("{8BC9CEB8-8B4A-11D0-8D11-00A0C91BC942}") = "FlexKitResourceCompiler", "FlexKitResourceCompiler\FlexKitResourceCompiler.vcxproj", "{2994D4AB-F8E7-4617-909E-6BD87E211C6F}"
EndProject
Project("{8BC9CEB8-8B4A-11D0-8D11-00A0C91BC942}") = "FlexKitMetaCompiler", "FlexKitMetaCompiler\FlexKitMetaCompiler.vcxproj", "{C2F99C03-E8FB-4995-91BC-34E89FEE47B5}"
EndProject
Project("{8BC9CEB8-8B4A-11D0-8D11-00A0C91BC942}") = "TestGameState", "TestGameState\TestGameState.vcxproj", "{1123F4F5-7268-435E-BE98-B95C51D0C664}"
EndProject
Global
	GlobalSection(SolutionConfigurationPlatforms) = preSolution
		Debug|Any CPU = Debug|Any CPU
		Debug|x64 = Debug|x64
		Debug|x86 = Debug|x86
		Release|Any CPU = Release|Any CPU
		Release|x64 = Release|x64
		Release|x86 = Release|x86
	EndGlobalSection
	GlobalSection(ProjectConfigurationPlatforms) = postSolution
		{54DB6A2B-4E65-4379-AF8B-4245F63D6512}.Debug|Any CPU.ActiveCfg = Debug|Win32
		{54DB6A2B-4E65-4379-AF8B-4245F63D6512}.Debug|x64.ActiveCfg = Debug|x64
		{54DB6A2B-4E65-4379-AF8B-4245F63D6512}.Debug|x86.ActiveCfg = Debug|Win32
		{54DB6A2B-4E65-4379-AF8B-4245F63D6512}.Debug|x86.Build.0 = Debug|Win32
		{54DB6A2B-4E65-4379-AF8B-4245F63D6512}.Release|Any CPU.ActiveCfg = Release|Win32
		{54DB6A2B-4E65-4379-AF8B-4245F63D6512}.Release|x64.ActiveCfg = Release|x64
		{54DB6A2B-4E65-4379-AF8B-4245F63D6512}.Release|x86.ActiveCfg = Release|Win32
		{54DB6A2B-4E65-4379-AF8B-4245F63D6512}.Release|x86.Build.0 = Release|Win32
		{A0D6FF61-30E0-4936-A264-4F4EDD102EA8}.Debug|Any CPU.ActiveCfg = Debug|Win32
		{A0D6FF61-30E0-4936-A264-4F4EDD102EA8}.Debug|x64.ActiveCfg = Debug|x64
		{A0D6FF61-30E0-4936-A264-4F4EDD102EA8}.Debug|x86.ActiveCfg = Debug|Win32
		{A0D6FF61-30E0-4936-A264-4F4EDD102EA8}.Debug|x86.Build.0 = Debug|Win32
		{A0D6FF61-30E0-4936-A264-4F4EDD102EA8}.Release|Any CPU.ActiveCfg = Release|Win32
		{A0D6FF61-30E0-4936-A264-4F4EDD102EA8}.Release|x64.ActiveCfg = Release|x64
		{A0D6FF61-30E0-4936-A264-4F4EDD102EA8}.Release|x86.ActiveCfg = Release|Win32
		{A0D6FF61-30E0-4936-A264-4F4EDD102EA8}.Release|x86.Build.0 = Release|Win32
		{A9D1B65D-23C6-417C-81DB-5C66C01BCB4E}.Debug|Any CPU.ActiveCfg = Debug|Win32
		{A9D1B65D-23C6-417C-81DB-5C66C01BCB4E}.Debug|x64.ActiveCfg = Debug|x64
		{A9D1B65D-23C6-417C-81DB-5C66C01BCB4E}.Debug|x64.Build.0 = Debug|x64
		{A9D1B65D-23C6-417C-81DB-5C66C01BCB4E}.Debug|x86.ActiveCfg = Debug|Win32
		{A9D1B65D-23C6-417C-81DB-5C66C01BCB4E}.Debug|x86.Build.0 = Debug|Win32
		{A9D1B65D-23C6-417C-81DB-5C66C01BCB4E}.Release|Any CPU.ActiveCfg = Release|Win32
		{A9D1B65D-23C6-417C-81DB-5C66C01BCB4E}.Release|x64.ActiveCfg = Release|Win32
		{A9D1B65D-23C6-417C-81DB-5C66C01BCB4E}.Release|x86.ActiveCfg = Release|Win32
		{A9D1B65D-23C6-417C-81DB-5C66C01BCB4E}.Release|x86.Build.0 = Release|Win32
		{2994D4AB-F8E7-4617-909E-6BD87E211C6F}.Debug|Any CPU.ActiveCfg = Debug|Win32
		{2994D4AB-F8E7-4617-909E-6BD87E211C6F}.Debug|x64.ActiveCfg = Debug|x64
		{2994D4AB-F8E7-4617-909E-6BD87E211C6F}.Debug|x64.Build.0 = Debug|x64
		{2994D4AB-F8E7-4617-909E-6BD87E211C6F}.Debug|x86.ActiveCfg = Debug|Win32
		{2994D4AB-F8E7-4617-909E-6BD87E211C6F}.Debug|x86.Build.0 = Debug|Win32
		{2994D4AB-F8E7-4617-909E-6BD87E211C6F}.Release|Any CPU.ActiveCfg = Release|Win32
		{2994D4AB-F8E7-4617-909E-6BD87E211C6F}.Release|x64.ActiveCfg = Release|x64
		{2994D4AB-F8E7-4617-909E-6BD87E211C6F}.Release|x64.Build.0 = Release|x64
		{2994D4AB-F8E7-4617-909E-6BD87E211C6F}.Release|x86.ActiveCfg = Release|Win32
		{2994D4AB-F8E7-4617-909E-6BD87E211C6F}.Release|x86.Build.0 = Release|Win32
		{C2F99C03-E8FB-4995-91BC-34E89FEE47B5}.Debug|Any CPU.ActiveCfg = Debug|Win32
		{C2F99C03-E8FB-4995-91BC-34E89FEE47B5}.Debug|x64.ActiveCfg = Debug|x64
		{C2F99C03-E8FB-4995-91BC-34E89FEE47B5}.Debug|x86.ActiveCfg = Debug|Win32
		{C2F99C03-E8FB-4995-91BC-34E89FEE47B5}.Debug|x86.Build.0 = Debug|Win32
		{C2F99C03-E8FB-4995-91BC-34E89FEE47B5}.Release|Any CPU.ActiveCfg = Release|Win32
		{C2F99C03-E8FB-4995-91BC-34E89FEE47B5}.Release|x64.ActiveCfg = Release|x64
		{C2F99C03-E8FB-4995-91BC-34E89FEE47B5}.Release|x86.ActiveCfg = Release|Win32
		{C2F99C03-E8FB-4995-91BC-34E89FEE47B5}.Release|x86.Build.0 = Release|Win32
		{1123F4F5-7268-435E-BE98-B95C51D0C664}.Debug|Any CPU.ActiveCfg = Debug|Win32
		{1123F4F5-7268-435E-BE98-B95C51D0C664}.Debug|x64.ActiveCfg = Debug|x64
		{1123F4F5-7268-435E-BE98-B95C51D0C664}.Debug|x64.Build.0 = Debug|x64
		{1123F4F5-7268-435E-BE98-B95C51D0C664}.Debug|x86.ActiveCfg = Debug|Win32
		{1123F4F5-7268-435E-BE98-B95C51D0C664}.Debug|x86.Build.0 = Debug|Win32
		{1123F4F5-7268-435E-BE98-B95C51D0C664}.Release|Any CPU.ActiveCfg = Release|Win32
		{1123F4F5-7268-435E-BE98-B95C51D0C664}.Release|x64.ActiveCfg = Release|x64
		{1123F4F5-7268-435E-BE98-B95C51D0C664}.Release|x64.Build.0 = Release|x64
		{1123F4F5-7268-435E-BE98-B95C51D0C664}.Release|x86.ActiveCfg = Release|Win32
		{1123F4F5-7268-435E-BE98-B95C51D0C664}.Release|x86.Build.0 = Release|Win32
	EndGlobalSection
	GlobalSection(SolutionProperties) = preSolution
		HideSolutionNode = FALSE
	EndGlobalSection
EndGlobal
