
Microsoft Visual Studio Solution File, Format Version 12.00
# Visual Studio Version 17
VisualStudioVersion = 17.0.31423.177
MinimumVisualStudioVersion = 10.0.40219.1
Project("{8BC9CEB8-8B4A-11D0-8D11-00A0C91BC942}") = "TestGame", "TestGame\TestGame.vcxproj", "{BF10A474-ABDD-FE7F-D4F6-EC27C022340E}"
EndProject
Project("{8BC9CEB8-8B4A-11D0-8D11-00A0C91BC942}") = "flxEditor", "flxEditor\flxEditor.vcxproj", "{31EBEF0D-793C-4B4D-84A1-EAF0AE305B60}"
EndProject
Project("{8BC9CEB8-8B4A-11D0-8D11-00A0C91BC942}") = "TriangleTriangleIntersectionTest", "Temp\Temp.vcxproj", "{90611E9C-5078-49DF-B5CF-B772032BAB5D}"
EndProject
Project("{8BC9CEB8-8B4A-11D0-8D11-00A0C91BC942}") = "SignalsAndSlotsTest", "SignalsAndSlotsTest\SignalsAndSlotsTest.vcxproj", "{D57D7D90-B393-48D7-ABF1-5814E8CA0CA3}"
EndProject
Project("{8BC9CEB8-8B4A-11D0-8D11-00A0C91BC942}") = "Tessellation", "Tessellation\Tessellation.vcxproj", "{4F20EA09-A847-459E-98B7-1E36D7636727}"
EndProject
Project("{8BC9CEB8-8B4A-11D0-8D11-00A0C91BC942}") = "HairRenderingExample", "HairRenderingExample\HairRenderingExample.vcxproj", "{31215F1A-28AA-46AA-85B0-31343BC63786}"
EndProject
Project("{8BC9CEB8-8B4A-11D0-8D11-00A0C91BC942}") = "MergePathSortTest", "MergePathSortTest\MergePathSortTest.vcxproj", "{7A4C6073-D26A-4212-B0FF-2FD78D2EDB98}"
EndProject
Project("{8BC9CEB8-8B4A-11D0-8D11-00A0C91BC942}") = "TextureStreamingTest", "TextureStreamingTest\TextureStreamingTest.vcxproj", "{233CC021-9348-439B-8D0F-3E714DBE39F8}"
EndProject
Project("{8BC9CEB8-8B4A-11D0-8D11-00A0C91BC942}") = "PhysicsTest", "PhysicsTest\PhysicsTest.vcxproj", "{F9692A62-B26D-4F57-AD20-8E8660522EE5}"
EndProject
Project("{8BC9CEB8-8B4A-11D0-8D11-00A0C91BC942}") = "ProceduralGeneration", "ProceduralGeneration\ProceduralGeneration.vcxproj", "{8D62357C-3865-4201-A51D-24DD11A361B1}"
EndProject
Project("{8BC9CEB8-8B4A-11D0-8D11-00A0C91BC942}") = "ShapeKeyTest", "ShapeKeyTest\ShapeKeyTest.vcxproj", "{68C04131-F2BF-4194-BD6C-E0EB9B092AB3}"
EndProject
Project("{8BC9CEB8-8B4A-11D0-8D11-00A0C91BC942}") = "Engine", "Engine\Engine.vcxitems", "{F278658F-8DBD-4F77-8A8A-52FF5BD74ADB}"
EndProject
Project("{8BC9CEB8-8B4A-11D0-8D11-00A0C91BC942}") = "EditorShared", "EditorShared\EditorShared.vcxitems", "{483397CB-406C-4F5D-BE9B-71C27E8F9BCC}"
EndProject
Project("{8BC9CEB8-8B4A-11D0-8D11-00A0C91BC942}") = "AnimationTest", "AnimationTest\AnimationTest.vcxproj", "{78468E5D-9D05-455C-8334-637810910BDD}"
EndProject
Project("{8BC9CEB8-8B4A-11D0-8D11-00A0C91BC942}") = "SharedComponents", "SharedComponents\SharedComponents.vcxitems", "{65BC2CB2-A73F-4787-9895-6DA7C4828364}"
EndProject
Global
	GlobalSection(SolutionConfigurationPlatforms) = preSolution
		Debug|x64 = Debug|x64
		Release|x64 = Release|x64
		UnityBuild|x64 = UnityBuild|x64
	EndGlobalSection
	GlobalSection(ProjectConfigurationPlatforms) = postSolution
		{BF10A474-ABDD-FE7F-D4F6-EC27C022340E}.Debug|x64.ActiveCfg = Debug|x64
		{BF10A474-ABDD-FE7F-D4F6-EC27C022340E}.Release|x64.ActiveCfg = Release|x64
		{BF10A474-ABDD-FE7F-D4F6-EC27C022340E}.UnityBuild|x64.ActiveCfg = UnityBuild|x64
		{BF10A474-ABDD-FE7F-D4F6-EC27C022340E}.UnityBuild|x64.Build.0 = UnityBuild|x64
		{31EBEF0D-793C-4B4D-84A1-EAF0AE305B60}.Debug|x64.ActiveCfg = Debug|x64
		{31EBEF0D-793C-4B4D-84A1-EAF0AE305B60}.Release|x64.ActiveCfg = Release|x64
		{31EBEF0D-793C-4B4D-84A1-EAF0AE305B60}.Release|x64.Build.0 = Release|x64
		{31EBEF0D-793C-4B4D-84A1-EAF0AE305B60}.UnityBuild|x64.ActiveCfg = UnityBuild|x64
		{90611E9C-5078-49DF-B5CF-B772032BAB5D}.Debug|x64.ActiveCfg = Debug|x64
		{90611E9C-5078-49DF-B5CF-B772032BAB5D}.Release|x64.ActiveCfg = Release|x64
		{90611E9C-5078-49DF-B5CF-B772032BAB5D}.UnityBuild|x64.ActiveCfg = UnityBuild|x64
		{D57D7D90-B393-48D7-ABF1-5814E8CA0CA3}.Debug|x64.ActiveCfg = Debug|x64
		{D57D7D90-B393-48D7-ABF1-5814E8CA0CA3}.Release|x64.ActiveCfg = Release|x64
		{D57D7D90-B393-48D7-ABF1-5814E8CA0CA3}.UnityBuild|x64.ActiveCfg = UnityBuild|x64
		{4F20EA09-A847-459E-98B7-1E36D7636727}.Debug|x64.ActiveCfg = Debug|x64
		{4F20EA09-A847-459E-98B7-1E36D7636727}.Release|x64.ActiveCfg = Release|x64
		{4F20EA09-A847-459E-98B7-1E36D7636727}.UnityBuild|x64.ActiveCfg = UnityBuild|x64
		{31215F1A-28AA-46AA-85B0-31343BC63786}.Debug|x64.ActiveCfg = Debug|x64
		{31215F1A-28AA-46AA-85B0-31343BC63786}.Debug|x64.Build.0 = Debug|x64
		{31215F1A-28AA-46AA-85B0-31343BC63786}.Release|x64.ActiveCfg = Release|x64
		{31215F1A-28AA-46AA-85B0-31343BC63786}.UnityBuild|x64.ActiveCfg = Debug|x64
		{31215F1A-28AA-46AA-85B0-31343BC63786}.UnityBuild|x64.Build.0 = Debug|x64
		{7A4C6073-D26A-4212-B0FF-2FD78D2EDB98}.Debug|x64.ActiveCfg = Debug|x64
		{7A4C6073-D26A-4212-B0FF-2FD78D2EDB98}.Release|x64.ActiveCfg = Release|x64
		{7A4C6073-D26A-4212-B0FF-2FD78D2EDB98}.UnityBuild|x64.ActiveCfg = Debug|x64
		{7A4C6073-D26A-4212-B0FF-2FD78D2EDB98}.UnityBuild|x64.Build.0 = Debug|x64
		{233CC021-9348-439B-8D0F-3E714DBE39F8}.Debug|x64.ActiveCfg = Debug|x64
		{233CC021-9348-439B-8D0F-3E714DBE39F8}.Release|x64.ActiveCfg = Release|x64
		{233CC021-9348-439B-8D0F-3E714DBE39F8}.Release|x64.Build.0 = Release|x64
		{233CC021-9348-439B-8D0F-3E714DBE39F8}.UnityBuild|x64.ActiveCfg = Debug|x64
		{233CC021-9348-439B-8D0F-3E714DBE39F8}.UnityBuild|x64.Build.0 = Debug|x64
		{F9692A62-B26D-4F57-AD20-8E8660522EE5}.Debug|x64.ActiveCfg = Debug|x64
		{F9692A62-B26D-4F57-AD20-8E8660522EE5}.Release|x64.ActiveCfg = Release|x64
		{F9692A62-B26D-4F57-AD20-8E8660522EE5}.UnityBuild|x64.ActiveCfg = Debug|x64
		{F9692A62-B26D-4F57-AD20-8E8660522EE5}.UnityBuild|x64.Build.0 = Debug|x64
		{8D62357C-3865-4201-A51D-24DD11A361B1}.Debug|x64.ActiveCfg = Debug|x64
		{8D62357C-3865-4201-A51D-24DD11A361B1}.Release|x64.ActiveCfg = Release|x64
		{8D62357C-3865-4201-A51D-24DD11A361B1}.UnityBuild|x64.ActiveCfg = Debug|x64
		{8D62357C-3865-4201-A51D-24DD11A361B1}.UnityBuild|x64.Build.0 = Debug|x64
		{68C04131-F2BF-4194-BD6C-E0EB9B092AB3}.Debug|x64.ActiveCfg = Debug|x64
		{68C04131-F2BF-4194-BD6C-E0EB9B092AB3}.Release|x64.ActiveCfg = Release|x64
		{68C04131-F2BF-4194-BD6C-E0EB9B092AB3}.UnityBuild|x64.ActiveCfg = Debug|x64
		{68C04131-F2BF-4194-BD6C-E0EB9B092AB3}.UnityBuild|x64.Build.0 = Debug|x64
		{78468E5D-9D05-455C-8334-637810910BDD}.Debug|x64.ActiveCfg = Debug|x64
		{78468E5D-9D05-455C-8334-637810910BDD}.Release|x64.ActiveCfg = Release|x64
		{78468E5D-9D05-455C-8334-637810910BDD}.UnityBuild|x64.ActiveCfg = Debug|x64
		{78468E5D-9D05-455C-8334-637810910BDD}.UnityBuild|x64.Build.0 = Debug|x64
	EndGlobalSection
	GlobalSection(SolutionProperties) = preSolution
		HideSolutionNode = FALSE
	EndGlobalSection
	GlobalSection(ExtensibilityGlobals) = postSolution
		Qt5Version = qt5
		SolutionGuid = {4F8D44AA-933C-484E-B443-E8BC15140F28}
	EndGlobalSection
	GlobalSection(SharedMSBuildProjectFiles) = preSolution
		Engine\Engine.vcxitems*{233cc021-9348-439b-8d0f-3e714dbe39f8}*SharedItemsImports = 4
		Engine\Engine.vcxitems*{31215f1a-28aa-46aa-85b0-31343bc63786}*SharedItemsImports = 4
		EditorShared\EditorShared.vcxitems*{31ebef0d-793c-4b4d-84a1-eaf0ae305b60}*SharedItemsImports = 4
		Engine\Engine.vcxitems*{31ebef0d-793c-4b4d-84a1-eaf0ae305b60}*SharedItemsImports = 4
		EditorShared\EditorShared.vcxitems*{483397cb-406c-4f5d-be9b-71c27e8f9bcc}*SharedItemsImports = 9
		Engine\Engine.vcxitems*{4f20ea09-a847-459e-98b7-1e36d7636727}*SharedItemsImports = 4
		SharedComponents\SharedComponents.vcxitems*{65bc2cb2-a73f-4787-9895-6da7c4828364}*SharedItemsImports = 9
		Engine\Engine.vcxitems*{68c04131-f2bf-4194-bd6c-e0eb9b092ab3}*SharedItemsImports = 4
		Engine\Engine.vcxitems*{78468e5d-9d05-455c-8334-637810910bdd}*SharedItemsImports = 4
		SharedComponents\SharedComponents.vcxitems*{78468e5d-9d05-455c-8334-637810910bdd}*SharedItemsImports = 4
		Engine\Engine.vcxitems*{7a4c6073-d26a-4212-b0ff-2fd78d2edb98}*SharedItemsImports = 4
		Engine\Engine.vcxitems*{8d62357c-3865-4201-a51d-24dd11a361b1}*SharedItemsImports = 4
		Engine\Engine.vcxitems*{bf10a474-abdd-fe7f-d4f6-ec27c022340e}*SharedItemsImports = 4
		Engine\Engine.vcxitems*{f278658f-8dbd-4f77-8a8a-52ff5bd74adb}*SharedItemsImports = 9
		Engine\Engine.vcxitems*{f9692a62-b26d-4f57-ad20-8e8660522ee5}*SharedItemsImports = 4
		SharedComponents\SharedComponents.vcxitems*{f9692a62-b26d-4f57-ad20-8e8660522ee5}*SharedItemsImports = 4
	EndGlobalSection
EndGlobal
