<?xml version="1.0" encoding="utf-8"?>
<Project ToolsVersion="4.0" xmlns="http://schemas.microsoft.com/developer/msbuild/2003">
  <ItemGroup>
    <Filter Include="Source Files">
      <UniqueIdentifier>{4FC737F1-C7A5-4376-A066-2A32D752A2FF}</UniqueIdentifier>
      <Extensions>cpp;c;cc;cxx;c++;cppm;ixx;def;odl;idl;hpj;bat;asm;asmx</Extensions>
    </Filter>
    <Filter Include="Resource Files">
      <UniqueIdentifier>{67DA6AB6-F800-4c08-8B7A-83BB121AAD01}</UniqueIdentifier>
      <Extensions>rc;ico;cur;bmp;dlg;rc2;rct;bin;rgs;gif;jpg;jpeg;jpe;resx;tiff;tif;png;wav;mfcribbon-ms</Extensions>
    </Filter>
  </ItemGroup>
  <ItemGroup>
    <ClCompile Include="..\source\AllSourceFiles.cpp">
      <Filter>Source Files</Filter>
    </ClCompile>
    <ClCompile Include="..\source\AnimationComponents.cpp">
      <Filter>Source Files</Filter>
    </ClCompile>
    <ClCompile Include="..\source\AnimationRendering.cpp">
      <Filter>Source Files</Filter>
    </ClCompile>
    <ClCompile Include="..\source\AnimationRuntimeUtilities.cpp">
      <Filter>Source Files</Filter>
    </ClCompile>
    <ClCompile Include="..\source\AnimationUtilities.cpp">
      <Filter>Source Files</Filter>
    </ClCompile>
    <ClCompile Include="..\source\Application.cpp">
      <Filter>Source Files</Filter>
    </ClCompile>
    <ClCompile Include="..\source\Assets.cpp">
      <Filter>Source Files</Filter>
    </ClCompile>
    <ClCompile Include="..\source\CameraUtilities.cpp">
      <Filter>Source Files</Filter>
    </ClCompile>
    <ClCompile Include="..\source\ClusteredRendering.cpp">
      <Filter>Source Files</Filter>
    </ClCompile>
    <ClCompile Include="..\source\CommonUtilities.cpp">
      <Filter>Source Files</Filter>
    </ClCompile>
    <ClCompile Include="..\source\Components.cpp">
      <Filter>Source Files</Filter>
    </ClCompile>
    <ClCompile Include="..\source\Console.cpp">
      <Filter>Source Files</Filter>
    </ClCompile>
    <ClCompile Include="..\source\CoreSceneObjects.cpp">
      <Filter>Source Files</Filter>
    </ClCompile>
    <ClCompile Include="..\source\DDSUtilities.cpp">
      <Filter>Source Files</Filter>
    </ClCompile>
    <ClCompile Include="..\source\DebugPanel.cpp">
      <Filter>Source Files</Filter>
    </ClCompile>
    <ClCompile Include="..\source\DebugUI.cpp">
      <Filter>Source Files</Filter>
    </ClCompile>
    <ClCompile Include="..\source\defaultpipelinestates.cpp">
      <Filter>Source Files</Filter>
    </ClCompile>
    <ClCompile Include="..\source\DungeonGen.cpp">
      <Filter>Source Files</Filter>
    </ClCompile>
    <ClCompile Include="..\source\EngineCore.cpp">
      <Filter>Source Files</Filter>
    </ClCompile>
    <ClCompile Include="..\source\Fonts.cpp">
      <Filter>Source Files</Filter>
    </ClCompile>
    <ClCompile Include="..\source\FrameGraph.cpp">
      <Filter>Source Files</Filter>
    </ClCompile>
    <ClCompile Include="..\source\GameFramework.cpp">
      <Filter>Source Files</Filter>
    </ClCompile>
    <ClCompile Include="..\source\Geometry.cpp">
      <Filter>Source Files</Filter>
    </ClCompile>
    <ClCompile Include="..\source\GILightingUtilities.cpp">
      <Filter>Source Files</Filter>
    </ClCompile>
    <ClCompile Include="..\source\graphics.cpp">
      <Filter>Source Files</Filter>
    </ClCompile>
    <ClCompile Include="..\source\GraphicsComponents.cpp">
      <Filter>Source Files</Filter>
    </ClCompile>
    <ClCompile Include="..\source\Gregory.cpp">
      <Filter>Source Files</Filter>
    </ClCompile>
    <ClCompile Include="..\source\GUIInputState.cpp">
      <Filter>Source Files</Filter>
    </ClCompile>
    <ClCompile Include="..\source\GuiUtilities.cpp">
      <Filter>Source Files</Filter>
    </ClCompile>
    <ClCompile Include="..\source\Handle.cpp">
      <Filter>Source Files</Filter>
    </ClCompile>
    <ClCompile Include="..\source\Intersection.cpp">
      <Filter>Source Files</Filter>
    </ClCompile>
    <ClCompile Include="..\source\Logging.cpp">
      <Filter>Source Files</Filter>
    </ClCompile>
    <ClCompile Include="..\source\Materials.cpp">
      <Filter>Source Files</Filter>
    </ClCompile>
    <ClCompile Include="..\source\MathUtils.cpp">
      <Filter>Source Files</Filter>
    </ClCompile>
    <ClCompile Include="..\source\memoryutilities.cpp">
      <Filter>Source Files</Filter>
    </ClCompile>
    <ClCompile Include="..\source\Meshutils.cpp">
      <Filter>Source Files</Filter>
    </ClCompile>
    <ClCompile Include="..\source\ModifiableShape.cpp">
      <Filter>Source Files</Filter>
    </ClCompile>
    <ClCompile Include="..\source\NetworkUtilities.cpp">
      <Filter>Source Files</Filter>
    </ClCompile>
    <ClCompile Include="..\source\ParticleRendering.cpp">
      <Filter>Source Files</Filter>
    </ClCompile>
    <ClCompile Include="..\source\Particles.cpp">
      <Filter>Source Files</Filter>
    </ClCompile>
    <ClCompile Include="..\source\PhysicsDebugVis.cpp">
      <Filter>Source Files</Filter>
    </ClCompile>
    <ClCompile Include="..\source\physicsutilities.cpp">
      <Filter>Source Files</Filter>
    </ClCompile>
    <ClCompile Include="..\source\PipelineState.cpp">
      <Filter>Source Files</Filter>
    </ClCompile>
    <ClCompile Include="..\source\ProfilingUtilities.cpp">
      <Filter>Source Files</Filter>
    </ClCompile>
    <ClCompile Include="..\source\RayTracingUtilities.cpp">
      <Filter>Source Files</Filter>
    </ClCompile>
    <ClCompile Include="..\source\Scene.cpp">
      <Filter>Source Files</Filter>
    </ClCompile>
    <ClCompile Include="..\source\ScriptingRuntime.cpp">
      <Filter>Source Files</Filter>
    </ClCompile>
    <ClCompile Include="..\source\Serialization.cpp">
      <Filter>Source Files</Filter>
    </ClCompile>
    <ClCompile Include="..\source\ShadowMapping.CPP">
      <Filter>Source Files</Filter>
    </ClCompile>
    <ClCompile Include="..\source\signal.cpp">
      <Filter>Source Files</Filter>
    </ClCompile>
    <ClCompile Include="..\source\SSReflections.cpp">
      <Filter>Source Files</Filter>
    </ClCompile>
    <ClCompile Include="..\source\SVOGI.cpp">
      <Filter>Source Files</Filter>
    </ClCompile>
    <ClCompile Include="..\source\TerrainRendering.cpp">
      <Filter>Source Files</Filter>
    </ClCompile>
    <ClCompile Include="..\source\TextRendering.cpp">
      <Filter>Source Files</Filter>
    </ClCompile>
    <ClCompile Include="..\source\TextureStreamingUtilities.cpp">
      <Filter>Source Files</Filter>
    </ClCompile>
    <ClCompile Include="..\source\TextureUtilities.cpp">
      <Filter>Source Files</Filter>
    </ClCompile>
    <ClCompile Include="..\source\ThreadUtilities.cpp">
      <Filter>Source Files</Filter>
    </ClCompile>
    <ClCompile Include="..\source\timeutilities.cpp">
      <Filter>Source Files</Filter>
    </ClCompile>
    <ClCompile Include="..\source\Transforms.cpp">
      <Filter>Source Files</Filter>
    </ClCompile>
    <ClCompile Include="..\source\Transparency.cpp">
      <Filter>Source Files</Filter>
    </ClCompile>
    <ClCompile Include="..\source\type.cpp">
      <Filter>Source Files</Filter>
    </ClCompile>
    <ClCompile Include="..\source\WorldRender.cpp">
      <Filter>Source Files</Filter>
    </ClCompile>
  </ItemGroup>
  <ItemGroup>
    <ClInclude Include="..\source\AnimationComponents.h">
      <Filter>Source Files</Filter>
    </ClInclude>
    <ClInclude Include="..\source\AnimationRendering.h">
      <Filter>Source Files</Filter>
    </ClInclude>
    <ClInclude Include="..\source\AnimationRuntimeUtilities.H">
      <Filter>Source Files</Filter>
    </ClInclude>
    <ClInclude Include="..\source\AnimationUtilities.h">
      <Filter>Source Files</Filter>
    </ClInclude>
    <ClInclude Include="..\source\Application.h">
      <Filter>Source Files</Filter>
    </ClInclude>
    <ClInclude Include="..\source\Assets.h">
      <Filter>Source Files</Filter>
    </ClInclude>
    <ClInclude Include="..\source\buildsettings.h">
      <Filter>Source Files</Filter>
    </ClInclude>
    <ClInclude Include="..\source\CameraUtilities.h">
      <Filter>Source Files</Filter>
    </ClInclude>
    <ClInclude Include="..\source\ClusteredRendering.h">
      <Filter>Source Files</Filter>
    </ClInclude>
    <ClInclude Include="..\source\CommonStructs.h">
      <Filter>Source Files</Filter>
    </ClInclude>
    <ClInclude Include="..\source\ComponentBlobs.h">
      <Filter>Source Files</Filter>
    </ClInclude>
    <ClInclude Include="..\source\Components.h">
      <Filter>Source Files</Filter>
    </ClInclude>
    <ClInclude Include="..\source\Console.h">
      <Filter>Source Files</Filter>
    </ClInclude>
    <ClInclude Include="..\source\containers.h">
      <Filter>Source Files</Filter>
    </ClInclude>
    <ClInclude Include="..\source\CoreSceneObjects.h">
      <Filter>Source Files</Filter>
    </ClInclude>
    <ClInclude Include="..\source\DDSUtilities.h">
      <Filter>Source Files</Filter>
    </ClInclude>
    <ClInclude Include="..\source\DebugPanel.h">
      <Filter>Source Files</Filter>
    </ClInclude>
    <ClInclude Include="..\source\DebugUI.h">
      <Filter>Source Files</Filter>
    </ClInclude>
    <ClInclude Include="..\source\defaultpipelinestates.h">
      <Filter>Source Files</Filter>
    </ClInclude>
    <ClInclude Include="..\source\DepthBuffer.h">
      <Filter>Source Files</Filter>
    </ClInclude>
    <ClInclude Include="..\source\DungeonGen.h">
      <Filter>Source Files</Filter>
    </ClInclude>
    <ClInclude Include="..\source\EngineCore.h">
      <Filter>Source Files</Filter>
    </ClInclude>
    <ClInclude Include="..\source\Events.h">
      <Filter>Source Files</Filter>
    </ClInclude>
    <ClInclude Include="..\source\Fonts.h">
      <Filter>Source Files</Filter>
    </ClInclude>
    <ClInclude Include="..\source\FrameGraph.h">
      <Filter>Source Files</Filter>
    </ClInclude>
    <ClInclude Include="..\source\GameFramework.h">
      <Filter>Source Files</Filter>
    </ClInclude>
    <ClInclude Include="..\source\Geometry.h">
      <Filter>Source Files</Filter>
    </ClInclude>
    <ClInclude Include="..\source\GILightingUtilities.h">
      <Filter>Source Files</Filter>
    </ClInclude>
    <ClInclude Include="..\source\graphics.h">
      <Filter>Source Files</Filter>
    </ClInclude>
    <ClInclude Include="..\source\GraphicsComponents.h">
      <Filter>Source Files</Filter>
    </ClInclude>
    <ClInclude Include="..\source\GUIInputState.h">
      <Filter>Source Files</Filter>
    </ClInclude>
    <ClInclude Include="..\source\GuiUtilities.h">
      <Filter>Source Files</Filter>
    </ClInclude>
    <ClInclude Include="..\source\Handle.h">
      <Filter>Source Files</Filter>
    </ClInclude>
    <ClInclude Include="..\source\Input.h">
      <Filter>Source Files</Filter>
    </ClInclude>
    <ClInclude Include="..\source\intersection.h">
      <Filter>Source Files</Filter>
    </ClInclude>
    <ClInclude Include="..\source\KeycodesEnums.h">
      <Filter>Source Files</Filter>
    </ClInclude>
    <ClInclude Include="..\source\KeyValueIds.h">
      <Filter>Source Files</Filter>
    </ClInclude>
    <ClInclude Include="..\source\Logging.h">
      <Filter>Source Files</Filter>
    </ClInclude>
    <ClInclude Include="..\source\Materials.h">
      <Filter>Source Files</Filter>
    </ClInclude>
    <ClInclude Include="..\source\MathUtils.h">
      <Filter>Source Files</Filter>
    </ClInclude>
    <ClInclude Include="..\source\memoryutilities.h">
      <Filter>Source Files</Filter>
    </ClInclude>
    <ClInclude Include="..\source\MeshUtils.h">
      <Filter>Source Files</Filter>
    </ClInclude>
    <ClInclude Include="..\source\ModifiableShape.h">
      <Filter>Source Files</Filter>
    </ClInclude>
    <ClInclude Include="..\source\NetworkUtilities.h">
      <Filter>Source Files</Filter>
    </ClInclude>
    <ClInclude Include="..\source\ParticleRendering.hpp">
      <Filter>Source Files</Filter>
    </ClInclude>
    <ClInclude Include="..\source\Particles.h">
      <Filter>Source Files</Filter>
    </ClInclude>
    <ClInclude Include="..\source\PhysicsDebugVis.h">
      <Filter>Source Files</Filter>
    </ClInclude>
    <ClInclude Include="..\source\physicsutilities.h">
      <Filter>Source Files</Filter>
    </ClInclude>
    <ClInclude Include="..\source\PipelineState.h">
      <Filter>Source Files</Filter>
    </ClInclude>
    <ClInclude Include="..\source\ProfilingUtilities.h">
      <Filter>Source Files</Filter>
    </ClInclude>
    <ClInclude Include="..\source\RayTracingUtilities.h">
      <Filter>Source Files</Filter>
    </ClInclude>
    <ClInclude Include="..\source\ResourceHandles.h">
      <Filter>Source Files</Filter>
    </ClInclude>
    <ClInclude Include="..\source\RuntimeComponentIDs.h">
      <Filter>Source Files</Filter>
    </ClInclude>
    <ClInclude Include="..\source\Scene.h">
      <Filter>Source Files</Filter>
    </ClInclude>
    <ClInclude Include="..\source\SceneLoadingContext.h">
      <Filter>Source Files</Filter>
    </ClInclude>
    <ClInclude Include="..\source\ScriptingRuntime.h">
      <Filter>Source Files</Filter>
    </ClInclude>
    <ClInclude Include="..\source\Serialization.hpp">
      <Filter>Source Files</Filter>
    </ClInclude>
    <ClInclude Include="..\source\ShadowMapping.h">
      <Filter>Source Files</Filter>
    </ClInclude>
    <ClInclude Include="..\source\Signal.h">
      <Filter>Source Files</Filter>
    </ClInclude>
    <ClInclude Include="..\source\SSReflections.h">
      <Filter>Source Files</Filter>
    </ClInclude>
    <ClInclude Include="..\source\static_vector.h">
      <Filter>Source Files</Filter>
    </ClInclude>
    <ClInclude Include="..\source\SVOGI.h">
      <Filter>Source Files</Filter>
    </ClInclude>
    <ClInclude Include="..\source\TerrainRendering.h">
      <Filter>Source Files</Filter>
    </ClInclude>
    <ClInclude Include="..\source\TextRendering.h">
      <Filter>Source Files</Filter>
    </ClInclude>
    <ClInclude Include="..\source\TextureStreamingUtilities.h">
      <Filter>Source Files</Filter>
    </ClInclude>
    <ClInclude Include="..\source\TextureUtilities.h">
      <Filter>Source Files</Filter>
    </ClInclude>
    <ClInclude Include="..\source\ThreadUtilities.h">
      <Filter>Source Files</Filter>
    </ClInclude>
    <ClInclude Include="..\source\timeutilities.h">
      <Filter>Source Files</Filter>
    </ClInclude>
    <ClInclude Include="..\source\Transforms.h">
      <Filter>Source Files</Filter>
    </ClInclude>
    <ClInclude Include="..\source\Transparency.h">
      <Filter>Source Files</Filter>
    </ClInclude>
    <ClInclude Include="..\source\type.h">
      <Filter>Source Files</Filter>
    </ClInclude>
    <ClInclude Include="..\source\VertexBuffer.h">
      <Filter>Source Files</Filter>
    </ClInclude>
    <ClInclude Include="..\source\Win32Graphics.h">
      <Filter>Source Files</Filter>
    </ClInclude>
    <ClInclude Include="..\source\WorldRender.h">
      <Filter>Source Files</Filter>
    </ClInclude>
    <ClInclude Include="..\source\XMMathConversion.h">
      <Filter>Source Files</Filter>
    </ClInclude>
  </ItemGroup>
  <ItemGroup>
    <None Include="packages.config" />
  </ItemGroup>
</Project>