<?xml version="1.0" encoding="utf-8"?>
<Project ToolsVersion="4.0" xmlns="http://schemas.microsoft.com/developer/msbuild/2003">
  <ItemGroup>
    <Filter Include="Resource Files">
      <UniqueIdentifier>{67DA6AB6-F800-4c08-8B7A-83BB121AAD01}</UniqueIdentifier>
      <Extensions>rc;ico;cur;bmp;dlg;rc2;rct;bin;rgs;gif;jpg;jpeg;jpe;resx;tiff;tif;png;wav;mfcribbon-ms</Extensions>
    </Filter>
    <Filter Include="Form Files">
      <UniqueIdentifier>{99349809-55BA-4b9d-BF79-8FDBB0286EB3}</UniqueIdentifier>
      <Extensions>ui</Extensions>
    </Filter>
    <Filter Include="Resource Files">
      <UniqueIdentifier>{D9D6E242-F8AF-46E4-B9FD-80ECBC20BA3E}</UniqueIdentifier>
      <Extensions>qrc;*</Extensions>
      <ParseFiles>false</ParseFiles>
    </Filter>
    <Filter Include="Headers">
      <UniqueIdentifier>{ee1ef41c-0058-4ada-933b-9d2ec580718f}</UniqueIdentifier>
    </Filter>
    <Filter Include="Source">
      <UniqueIdentifier>{4FC737F1-C7A5-4376-A066-2A32D752A2FF}</UniqueIdentifier>
      <Extensions>cpp;c;cc;cxx;def;odl;idl;hpj;bat;asm;asmx</Extensions>
    </Filter>
  </ItemGroup>
  <ItemGroup>
    <QtMoc Include="DXRenderWindow.h">
      <Filter>Headers</Filter>
    </QtMoc>
    <QtMoc Include="EditorCodeEditor.h">
      <Filter>Headers</Filter>
    </QtMoc>
    <QtMoc Include="EditorInspectorView.h">
      <Filter>Headers</Filter>
    </QtMoc>
    <QtMoc Include="EditorMainWindow.h">
      <Filter>Headers</Filter>
    </QtMoc>
    <QtMoc Include="EditorOutputWindow.h">
      <Filter>Headers</Filter>
    </QtMoc>
    <QtMoc Include="EditorPrefabEditor.h">
      <Filter>Headers</Filter>
    </QtMoc>
    <QtMoc Include="EditorPrefabInputTab.h">
      <Filter>Headers</Filter>
    </QtMoc>
    <QtMoc Include="EditorResourcePickerDialog.h">
      <Filter>Headers</Filter>
    </QtMoc>
    <QtMoc Include="EditorViewport.h">
      <Filter>Headers</Filter>
    </QtMoc>
    <QtMoc Include="ModelViewerWidget.h">
      <Filter>Headers</Filter>
    </QtMoc>
    <QtMoc Include="ResourceBrowserWidget.h">
      <Filter>Headers</Filter>
    </QtMoc>
    <QtMoc Include="SceneOutliner.h">
      <Filter>Headers</Filter>
    </QtMoc>
    <QtMoc Include="TaskManager.h">
      <Filter>Headers</Filter>
    </QtMoc>
    <QtMoc Include="TextureViewer.h">
      <Filter>Headers</Filter>
    </QtMoc>
  </ItemGroup>
  <ItemGroup>
    <ClCompile Include="DXRenderWindow.cpp">
      <Filter>Source</Filter>
    </ClCompile>
    <ClCompile Include="flxEditor-Win64.cpp">
      <Filter>Source</Filter>
    </ClCompile>
    <ClCompile Include="EditorProject.cpp">
      <Filter>Source</Filter>
    </ClCompile>
    <ClCompile Include="EditorConfig.cpp">
      <Filter>Source</Filter>
    </ClCompile>
    <ClCompile Include="EditorMainWindow.cpp">
      <Filter>Source</Filter>
    </ClCompile>
    <ClCompile Include="EditorOperators.cpp">
      <Filter>Source</Filter>
    </ClCompile>
    <ClCompile Include="ResourceBrowserWidget.cpp">
      <Filter>Source</Filter>
    </ClCompile>
    <ClCompile Include="TaskManager.cpp">
      <Filter>Source</Filter>
    </ClCompile>
    <ClCompile Include="EditorTaskList.cpp">
      <Filter>Source</Filter>
    </ClCompile>
    <ClCompile Include="EditorScriptEngine.cpp">
      <Filter>Source</Filter>
    </ClCompile>
    <ClCompile Include="EditorApplication.cpp">
      <Filter>Source</Filter>
    </ClCompile>
    <ClCompile Include="TextureViewer.cpp">
      <Filter>Source</Filter>
    </ClCompile>
    <ClCompile Include="EditorOutputWindow.cpp">
      <Filter>Source</Filter>
    </ClCompile>
    <ClCompile Include="ModelViewerWidget.cpp">
      <Filter>Source</Filter>
    </ClCompile>
    <ClCompile Include="EditorViewport.cpp">
      <Filter>Source</Filter>
    </ClCompile>
    <ClCompile Include="EditorRenderer.cpp">
      <Filter>Source</Filter>
    </ClCompile>
    <ClCompile Include="ViewportScene.cpp">
      <Filter>Source</Filter>
    </ClCompile>
    <ClCompile Include="EditorInspectorView.cpp">
      <Filter>Source</Filter>
    </ClCompile>
    <ClCompile Include="SceneOutliner.cpp">
      <Filter>Source</Filter>
    </ClCompile>
    <ClCompile Include="PCH.cpp">
      <Filter>Source</Filter>
    </ClCompile>
    <ClCompile Include="ExtraTu.cpp">
      <Filter>Source</Filter>
    </ClCompile>
    <ClCompile Include="CSGComponent.cpp">
      <Filter>Source</Filter>
    </ClCompile>
    <ClCompile Include="CSGRendering.cpp">
      <Filter>Source</Filter>
    </ClCompile>
    <ClCompile Include="SceneInspectors.cpp">
      <Filter>Source</Filter>
    </ClCompile>
    <ClCompile Include="EditorColliderComponent.cpp">
      <Filter>Source</Filter>
    </ClCompile>
    <ClCompile Include="EditorResourcePickerDialog.cpp">
      <Filter>Source</Filter>
    </ClCompile>
    <ClCompile Include="EditorPrefabEditor.cpp">
      <Filter>Source</Filter>
    </ClCompile>
    <ClCompile Include="EditorAnimatorComponent.cpp">
      <Filter>Source</Filter>
    </ClCompile>
    <ClCompile Include="EditorCodeEditor.cpp">
      <Filter>Source</Filter>
    </ClCompile>
    <ClCompile Include="EditorPrefabObject.cpp">
      <Filter>Source</Filter>
    </ClCompile>
    <ClCompile Include="Animation.cpp">
      <Filter>Source</Filter>
    </ClCompile>
    <ClCompile Include="FBXResourceUtilities.cpp">
      <Filter>Source</Filter>
    </ClCompile>
    <ClCompile Include="FlexKitResourceCompiler.cpp">
      <Filter>Source</Filter>
    </ClCompile>
    <ClCompile Include="MeshResource.cpp">
      <Filter>Source</Filter>
    </ClCompile>
    <ClCompile Include="MetaData.cpp">
      <Filter>Source</Filter>
    </ClCompile>
    <ClCompile Include="ResourceUtilities.cpp">
      <Filter>Source</Filter>
    </ClCompile>
    <ClCompile Include="SceneResource.cpp">
      <Filter>Source</Filter>
    </ClCompile>
    <ClCompile Include="TextureResourceUtilities.cpp">
      <Filter>Source</Filter>
    </ClCompile>
    <ClCompile Include="TTFontLoader.cpp">
      <Filter>Source</Filter>
    </ClCompile>
    <ClCompile Include="EditorPrefabInputTab.cpp">
      <Filter>Source</Filter>
    </ClCompile>
    <ClCompile Include="AnimationEditorObject.cpp">
      <Filter>Source</Filter>
    </ClCompile>
    <ClCompile Include="MaterialResource.cpp">
      <Filter>Source</Filter>
    </ClCompile>
    <ClCompile Include="EditorRenderer.h">
      <Filter>Headers</Filter>
    </ClCompile>
  </ItemGroup>
  <ItemGroup>
    <ClInclude Include="Serialization.h">
      <Filter>Source</Filter>
    </ClInclude>
    <ClInclude Include="ViewportScene.h">
      <Filter>Headers</Filter>
    </ClInclude>
    <ClInclude Include="Animation.h">
      <Filter>Headers</Filter>
    </ClInclude>
    <ClInclude Include="AnimationEditorObject.h">
      <Filter>Headers</Filter>
    </ClInclude>
    <ClInclude Include="CSGComponent.h">
      <Filter>Headers</Filter>
    </ClInclude>
    <ClInclude Include="CSGRendering.h">
      <Filter>Headers</Filter>
    </ClInclude>
    <ClInclude Include="EditorAnimatorComponent.h">
      <Filter>Headers</Filter>
    </ClInclude>
    <ClInclude Include="EditorApplication.h">
      <Filter>Headers</Filter>
    </ClInclude>
    <ClInclude Include="EditorColliderComponent.h">
      <Filter>Headers</Filter>
    </ClInclude>
    <ClInclude Include="EditorConfig.h">
      <Filter>Headers</Filter>
    </ClInclude>
    <ClInclude Include="EditorGadgetInterface.h">
      <Filter>Headers</Filter>
    </ClInclude>
    <ClInclude Include="EditorImport.h">
      <Filter>Headers</Filter>
    </ClInclude>
    <ClInclude Include="EditorOperators.h">
      <Filter>Headers</Filter>
    </ClInclude>
    <ClInclude Include="EditorPrefabObject.h">
      <Filter>Headers</Filter>
    </ClInclude>
    <ClInclude Include="EditorProject.h">
      <Filter>Headers</Filter>
    </ClInclude>
    <ClInclude Include="EditorResource.h">
      <Filter>Headers</Filter>
    </ClInclude>
    <ClInclude Include="EditorScriptEngine.h">
      <Filter>Headers</Filter>
    </ClInclude>
    <ClInclude Include="EditorTaskList.h">
      <Filter>Headers</Filter>
    </ClInclude>
    <ClInclude Include="FBXResourceUtilities.h">
      <Filter>Headers</Filter>
    </ClInclude>
    <ClInclude Include="MaterialResource.h">
      <Filter>Headers</Filter>
    </ClInclude>
    <ClInclude Include="MeshResource.h">
      <Filter>Headers</Filter>
    </ClInclude>
    <ClInclude Include="MetaData.h">
      <Filter>Headers</Filter>
    </ClInclude>
    <ClInclude Include="PCH.h">
      <Filter>Headers</Filter>
    </ClInclude>
    <ClInclude Include="resource.h">
      <Filter>Headers</Filter>
    </ClInclude>
    <ClInclude Include="ResourceIDs.h">
      <Filter>Headers</Filter>
    </ClInclude>
    <ClInclude Include="ResourceUtilities.h">
      <Filter>Headers</Filter>
    </ClInclude>
    <ClInclude Include="SceneInspectors.h">
      <Filter>Headers</Filter>
    </ClInclude>
    <ClInclude Include="SceneResource.h">
      <Filter>Headers</Filter>
    </ClInclude>
    <ClInclude Include="SelectionContext.h">
      <Filter>Headers</Filter>
    </ClInclude>
    <ClInclude Include="TextureResourceUtilities.h">
      <Filter>Headers</Filter>
    </ClInclude>
    <ClInclude Include="TTFontLoader.h">
      <Filter>Headers</Filter>
    </ClInclude>
  </ItemGroup>
  <ItemGroup>
    <QtUic Include="ResourceBrowserWidget.ui">
      <Filter>Form Files</Filter>
    </QtUic>
    <QtUic Include="TaskManager.ui">
      <Filter>Form Files</Filter>
    </QtUic>
    <QtUic Include="TextureViewer.ui">
      <Filter>Form Files</Filter>
    </QtUic>
    <QtUic Include="EditorCodeEditor.ui">
      <Filter>Form Files</Filter>
    </QtUic>
    <QtUic Include="EditorOutputWindow.ui">
      <Filter>Form Files</Filter>
    </QtUic>
    <QtUic Include="ModelViewerWidget.ui">
      <Filter>Form Files</Filter>
    </QtUic>
    <QtUic Include="EditorViewport.ui">
      <Filter>Form Files</Filter>
    </QtUic>
    <QtUic Include="SceneOutliner.ui">
      <Filter>Form Files</Filter>
    </QtUic>
    <QtUic Include="EditorResourcePickerDialog.ui">
      <Filter>Form Files</Filter>
    </QtUic>
    <QtUic Include="EditorAnimationEditor.ui">
      <Filter>Form Files</Filter>
    </QtUic>
    <QtUic Include="EditorAnimationInputTab.ui">
      <Filter>Form Files</Filter>
    </QtUic>
  </ItemGroup>
  <ItemGroup>
    <Text Include="..\coreutilities\Serialization.cpp">
      <Filter>Source</Filter>
    </Text>
    <Text Include="..\coreutilities\Serialization.hpp">
      <Filter>Headers</Filter>
    </Text>
  </ItemGroup>
  <ItemGroup>
    <ResourceCompile Include="flxEditor.rc">
      <Filter>Resource Files</Filter>
    </ResourceCompile>
  </ItemGroup>
  <ItemGroup>
    <None Include="packages.config" />
  </ItemGroup>
</Project>