<?xml version="1.0" encoding="utf-8"?>
<Project ToolsVersion="4.0" xmlns="http://schemas.microsoft.com/developer/msbuild/2003">
  <ItemGroup>
    <Filter Include="Source Files">
      <UniqueIdentifier>{4FC737F1-C7A5-4376-A066-2A32D752A2FF}</UniqueIdentifier>
      <Extensions>cpp;c;cc;cxx;def;odl;idl;hpj;bat;asm;asmx</Extensions>
    </Filter>
    <Filter Include="Header Files">
      <UniqueIdentifier>{93995380-89BD-4b04-88EB-625FBE52EBFB}</UniqueIdentifier>
      <Extensions>h;hh;hpp;hxx;hm;inl;inc;xsd</Extensions>
    </Filter>
    <Filter Include="Resource Files">
      <UniqueIdentifier>{67DA6AB6-F800-4c08-8B7A-83BB121AAD01}</UniqueIdentifier>
      <Extensions>rc;ico;cur;bmp;dlg;rc2;rct;bin;rgs;gif;jpg;jpeg;jpe;resx;tiff;tif;png;wav;mfcribbon-ms</Extensions>
    </Filter>
    <Filter Include="Form Files">
      <UniqueIdentifier>{99349809-55BA-4b9d-BF79-8FDBB0286EB3}</UniqueIdentifier>
      <Extensions>ui</Extensions>
    </Filter>
    <Filter Include="Resource Files">
      <UniqueIdentifier>{D9D6E242-F8AF-46E4-B9FD-80ECBC20BA3E}</UniqueIdentifier>
      <Extensions>qrc;*</Extensions>
      <ParseFiles>false</ParseFiles>
    </Filter>
  </ItemGroup>
  <ItemGroup>
    <QtMoc Include="DXRenderWindow.h">
      <Filter>Header Files</Filter>
    </QtMoc>
    <QtMoc Include="EditorMainWindow.h">
      <Filter>Header Files</Filter>
    </QtMoc>
    <QtMoc Include="EditorRenderThread.h">
      <Filter>Header Files</Filter>
    </QtMoc>
    <QtMoc Include="ResourceBrowserWidget.h">
      <Filter>Header Files</Filter>
    </QtMoc>
    <QtMoc Include="TaskManager.h">
      <Filter>Header Files</Filter>
    </QtMoc>
    <QtMoc Include="TextureViewer.h">
      <Filter>Header Files</Filter>
    </QtMoc>
    <QtMoc Include="EditorCodeEditor.h">
      <Filter>Header Files</Filter>
    </QtMoc>
    <QtMoc Include="EditorOutputWindow.h">
      <Filter>Header Files</Filter>
    </QtMoc>
    <QtMoc Include="ModelViewerWidget.h">
      <Filter>Header Files</Filter>
    </QtMoc>
  </ItemGroup>
  <ItemGroup>
    <ClCompile Include="DXRenderWindow.cpp">
      <Filter>Source Files</Filter>
    </ClCompile>
    <ClCompile Include="flxEditor-Win64.cpp">
      <Filter>Source Files</Filter>
    </ClCompile>
    <ClCompile Include="EditorProject.cpp">
      <Filter>Source Files</Filter>
    </ClCompile>
    <ClCompile Include="EditorConfig.cpp">
      <Filter>Source Files</Filter>
    </ClCompile>
    <ClCompile Include="EditorMainWindow.cpp">
      <Filter>Source Files</Filter>
    </ClCompile>
    <ClCompile Include="EditorRenderThread.cpp">
      <Filter>Source Files</Filter>
    </ClCompile>
    <ClCompile Include="EditorRenderer.h">
      <Filter>Header Files</Filter>
    </ClCompile>
    <ClCompile Include="EditorOperators.cpp">
      <Filter>Source Files</Filter>
    </ClCompile>
    <ClCompile Include="ResourceBrowserWidget.cpp">
      <Filter>Source Files</Filter>
    </ClCompile>
    <ClCompile Include="TaskManager.cpp">
      <Filter>Source Files</Filter>
    </ClCompile>
    <ClCompile Include="EditorTaskList.cpp">
      <Filter>Source Files</Filter>
    </ClCompile>
    <ClCompile Include="EditorScriptEngine.cpp">
      <Filter>Source Files</Filter>
    </ClCompile>
    <ClCompile Include="EditorApplication.cpp">
      <Filter>Source Files</Filter>
    </ClCompile>
    <ClCompile Include="TextureViewer.cpp">
      <Filter>Source Files</Filter>
    </ClCompile>
    <ClCompile Include="EditorResources.cpp">
      <Filter>Source Files</Filter>
    </ClCompile>
    <ClCompile Include="EditorCodeEditor.cpp">
      <Filter>Source Files</Filter>
    </ClCompile>
    <ClCompile Include="EditorOutputWindow.cpp">
      <Filter>Source Files</Filter>
    </ClCompile>
    <ClCompile Include="ModelViewerWidget.cpp">
      <Filter>Source Files</Filter>
    </ClCompile>
  </ItemGroup>
  <ItemGroup>
    <None Include="packages.config" />
  </ItemGroup>
  <ItemGroup>
    <ClInclude Include="EditorProject.h">
      <Filter>Header Files</Filter>
    </ClInclude>
    <ClInclude Include="EditorConfig.h">
      <Filter>Header Files</Filter>
    </ClInclude>
    <ClInclude Include="EditorApplication.h">
      <Filter>Header Files</Filter>
    </ClInclude>
    <ClInclude Include="EditorOperators.h">
      <Filter>Header Files</Filter>
    </ClInclude>
    <ClInclude Include="EditorImport.h">
      <Filter>Header Files</Filter>
    </ClInclude>
    <ClInclude Include="EditorTaskList.h">
      <Filter>Header Files</Filter>
    </ClInclude>
    <ClInclude Include="EditorScriptEngine.h">
      <Filter>Header Files</Filter>
    </ClInclude>
    <ClInclude Include="EditorGadgetInterface.h">
      <Filter>Header Files</Filter>
    </ClInclude>
    <ClInclude Include="EditorResources.h">
      <Filter>Header Files</Filter>
    </ClInclude>
  </ItemGroup>
  <ItemGroup>
    <QtUic Include="ResourceBrowserWidget.ui">
      <Filter>Form Files</Filter>
    </QtUic>
    <QtUic Include="TaskManager.ui">
      <Filter>Form Files</Filter>
    </QtUic>
    <QtUic Include="TextureViewer.ui">
      <Filter>Form Files</Filter>
    </QtUic>
    <QtUic Include="EditorCodeEditor.ui">
      <Filter>Form Files</Filter>
    </QtUic>
    <QtUic Include="EditorOutputWindow.ui">
      <Filter>Form Files</Filter>
    </QtUic>
    <QtUic Include="ModelViewerWidget.ui">
      <Filter>Form Files</Filter>
    </QtUic>
  </ItemGroup>
</Project>