<?xml version="1.0" encoding="utf-8"?>
<Project ToolsVersion="4.0" xmlns="http://schemas.microsoft.com/developer/msbuild/2003">
  <ItemGroup>
    <Filter Include="Headers">
      <UniqueIdentifier>{C196CD9C-2D76-4C38-368E-D70EA2ECB299}</UniqueIdentifier>
    </Filter>
    <Filter Include="Headers\TestGame">
      <UniqueIdentifier>{CA4537EC-B63E-563E-DF70-3BC3CBC8354A}</UniqueIdentifier>
    </Filter>
    <Filter Include="Headers\coreutilities">
      <UniqueIdentifier>{752B2C1B-E197-E715-AA8B-7F7316B7097E}</UniqueIdentifier>
    </Filter>
    <Filter Include="Headers\graphicsutilities">
      <UniqueIdentifier>{DD1C2567-49DF-58F1-928F-E77DFE9031CF}</UniqueIdentifier>
    </Filter>
    <Filter Include="Headers\physicsutilities">
      <UniqueIdentifier>{2F70CA8A-1B95-190B-44E0-FE9A30641829}</UniqueIdentifier>
    </Filter>
    <Filter Include="Headers\shaders">
      <UniqueIdentifier>{BA8400C4-2610-6E88-2F21-F17C9B2BCA88}</UniqueIdentifier>
    </Filter>
    <Filter Include="Source">
      <UniqueIdentifier>{56EB95D1-428D-C0A7-2B48-D4FB178947F8}</UniqueIdentifier>
    </Filter>
    <Filter Include="Source\TestGame">
      <UniqueIdentifier>{FF91C4D3-6B1D-3298-742E-B58CE0388E98}</UniqueIdentifier>
    </Filter>
    <Filter Include="Source\coreutilities">
      <UniqueIdentifier>{CA608A86-B6EF-1350-5F0E-284B4B7C24F6}</UniqueIdentifier>
    </Filter>
    <Filter Include="Source\graphicsutilities">
      <UniqueIdentifier>{B2F49716-9E19-E796-C764-CC26B3E8E5B4}</UniqueIdentifier>
    </Filter>
    <Filter Include="Source\physicsutilities">
      <UniqueIdentifier>{6421A7BE-D058-EF55-D962-53794519164F}</UniqueIdentifier>
    </Filter>
    <Filter Include="graphicsutilities">
      <UniqueIdentifier>{720BB25D-DE21-B0F3-2799-3B1593EE807B}</UniqueIdentifier>
    </Filter>
  </ItemGroup>
  <ItemGroup>
    <ClInclude Include="..\coreutilities\Application.h">
      <Filter>Headers\coreutilities</Filter>
    </ClInclude>
    <ClInclude Include="..\coreutilities\Assets.h">
      <Filter>Headers\coreutilities</Filter>
    </ClInclude>
    <ClInclude Include="..\coreutilities\CameraUtilities.h">
      <Filter>Headers\coreutilities</Filter>
    </ClInclude>
    <ClInclude Include="..\coreutilities\CommonStructs.h">
      <Filter>Headers\coreutilities</Filter>
    </ClInclude>
    <ClInclude Include="..\coreutilities\ComponentBlobs.h">
      <Filter>Headers\coreutilities</Filter>
    </ClInclude>
    <ClInclude Include="..\coreutilities\Components.h">
      <Filter>Headers\coreutilities</Filter>
    </ClInclude>
    <ClInclude Include="..\coreutilities\Console.h">
      <Filter>Headers\coreutilities</Filter>
    </ClInclude>
    <ClInclude Include="..\coreutilities\DebugPanel.h">
      <Filter>Headers\coreutilities</Filter>
    </ClInclude>
    <ClInclude Include="..\coreutilities\DungeonGen.h">
      <Filter>Headers\coreutilities</Filter>
    </ClInclude>
    <ClInclude Include="..\coreutilities\EngineCore.h">
      <Filter>Headers\coreutilities</Filter>
    </ClInclude>
    <ClInclude Include="..\coreutilities\Events.h">
      <Filter>Headers\coreutilities</Filter>
    </ClInclude>
    <ClInclude Include="..\coreutilities\GUIInputState.h">
      <Filter>Headers\coreutilities</Filter>
    </ClInclude>
    <ClInclude Include="..\coreutilities\GameFramework.h">
      <Filter>Headers\coreutilities</Filter>
    </ClInclude>
    <ClInclude Include="..\coreutilities\GraphicScene.h">
      <Filter>Headers\coreutilities</Filter>
    </ClInclude>
    <ClInclude Include="..\coreutilities\GraphicsComponents.h">
      <Filter>Headers\coreutilities</Filter>
    </ClInclude>
    <ClInclude Include="..\coreutilities\Handle.h">
      <Filter>Headers\coreutilities</Filter>
    </ClInclude>
    <ClInclude Include="..\coreutilities\Input.h">
      <Filter>Headers\coreutilities</Filter>
    </ClInclude>
    <ClInclude Include="..\coreutilities\KeycodesEnums.h">
      <Filter>Headers\coreutilities</Filter>
    </ClInclude>
    <ClInclude Include="..\coreutilities\Logging.h">
      <Filter>Headers\coreutilities</Filter>
    </ClInclude>
    <ClInclude Include="..\coreutilities\Materials.h">
      <Filter>Headers\coreutilities</Filter>
    </ClInclude>
    <ClInclude Include="..\coreutilities\MathUtils.h">
      <Filter>Headers\coreutilities</Filter>
    </ClInclude>
    <ClInclude Include="..\coreutilities\NetworkUtilities.h">
      <Filter>Headers\coreutilities</Filter>
    </ClInclude>
    <ClInclude Include="..\coreutilities\ProfilingUtilities.h">
      <Filter>Headers\coreutilities</Filter>
    </ClInclude>
    <ClInclude Include="..\coreutilities\ResourceHandles.h">
      <Filter>Headers\coreutilities</Filter>
    </ClInclude>
    <ClInclude Include="..\coreutilities\Signal.h">
      <Filter>Headers\coreutilities</Filter>
    </ClInclude>
    <ClInclude Include="..\coreutilities\ThreadUtilities.h">
      <Filter>Headers\coreutilities</Filter>
    </ClInclude>
    <ClInclude Include="..\coreutilities\Transforms.h">
      <Filter>Headers\coreutilities</Filter>
    </ClInclude>
    <ClInclude Include="..\coreutilities\WorldRender.h">
      <Filter>Headers\coreutilities</Filter>
    </ClInclude>
    <ClInclude Include="..\coreutilities\XMMathConversion.h">
      <Filter>Headers\coreutilities</Filter>
    </ClInclude>
    <ClInclude Include="..\coreutilities\buildsettings.h">
      <Filter>Headers\coreutilities</Filter>
    </ClInclude>
    <ClInclude Include="..\coreutilities\containers.h">
      <Filter>Headers\coreutilities</Filter>
    </ClInclude>
    <ClInclude Include="..\coreutilities\intersection.h">
      <Filter>Headers\coreutilities</Filter>
    </ClInclude>
    <ClInclude Include="..\coreutilities\memoryutilities.h">
      <Filter>Headers\coreutilities</Filter>
    </ClInclude>
    <ClInclude Include="..\coreutilities\static_vector.h">
      <Filter>Headers\coreutilities</Filter>
    </ClInclude>
    <ClInclude Include="..\coreutilities\timeutilities.h">
      <Filter>Headers\coreutilities</Filter>
    </ClInclude>
    <ClInclude Include="..\coreutilities\type.h">
      <Filter>Headers\coreutilities</Filter>
    </ClInclude>
    <ClInclude Include="..\graphicsutilities\AnimationComponents.h">
      <Filter>Headers\graphicsutilities</Filter>
    </ClInclude>
    <ClInclude Include="..\graphicsutilities\AnimationRuntimeUtilities.H">
      <Filter>graphicsutilities</Filter>
    </ClInclude>
    <ClInclude Include="..\graphicsutilities\AnimationUtilities.h">
      <Filter>Headers\graphicsutilities</Filter>
    </ClInclude>
    <ClInclude Include="..\graphicsutilities\CoreSceneObjects.h">
      <Filter>Headers\graphicsutilities</Filter>
    </ClInclude>
    <ClInclude Include="..\graphicsutilities\DDSUtilities.h">
      <Filter>Headers\graphicsutilities</Filter>
    </ClInclude>
    <ClInclude Include="..\graphicsutilities\Fonts.h">
      <Filter>Headers\graphicsutilities</Filter>
    </ClInclude>
    <ClInclude Include="..\graphicsutilities\FrameGraph.h">
      <Filter>Headers\graphicsutilities</Filter>
    </ClInclude>
    <ClInclude Include="..\graphicsutilities\Geometry.h">
      <Filter>Headers\graphicsutilities</Filter>
    </ClInclude>
    <ClInclude Include="..\graphicsutilities\GuiUtilities.h">
      <Filter>Headers\graphicsutilities</Filter>
    </ClInclude>
    <ClInclude Include="..\graphicsutilities\MeshUtils.h">
      <Filter>Headers\graphicsutilities</Filter>
    </ClInclude>
    <ClInclude Include="..\graphicsutilities\PipelineState.h">
      <Filter>Headers\graphicsutilities</Filter>
    </ClInclude>
    <ClInclude Include="..\graphicsutilities\SSReflections.h">
      <Filter>Headers\graphicsutilities</Filter>
    </ClInclude>
    <ClInclude Include="..\graphicsutilities\SceneManager.h">
      <Filter>Headers\graphicsutilities</Filter>
    </ClInclude>
    <ClInclude Include="..\graphicsutilities\TerrainRendering.h">
      <Filter>Headers\graphicsutilities</Filter>
    </ClInclude>
    <ClInclude Include="..\graphicsutilities\TextRendering.h">
      <Filter>Headers\graphicsutilities</Filter>
    </ClInclude>
    <ClInclude Include="..\graphicsutilities\TextureStreamingUtilities.h">
      <Filter>Headers\graphicsutilities</Filter>
    </ClInclude>
    <ClInclude Include="..\graphicsutilities\TextureUtilities.h">
      <Filter>Headers\graphicsutilities</Filter>
    </ClInclude>
    <ClInclude Include="..\graphicsutilities\VertexBuffer.h">
      <Filter>Headers\graphicsutilities</Filter>
    </ClInclude>
    <ClInclude Include="..\graphicsutilities\defaultpipelinestates.h">
      <Filter>Headers\graphicsutilities</Filter>
    </ClInclude>
    <ClInclude Include="..\graphicsutilities\graphics.h">
      <Filter>Headers\graphicsutilities</Filter>
    </ClInclude>
    <ClInclude Include="..\physicsutilities\physicsutilities.h">
      <Filter>Headers\physicsutilities</Filter>
    </ClInclude>
    <ClInclude Include="BaseState.h">
      <Filter>Headers\TestGame</Filter>
    </ClInclude>
    <ClInclude Include="Client.h">
      <Filter>Headers\TestGame</Filter>
    </ClInclude>
    <ClInclude Include="Gameplay.h">
      <Filter>Headers\TestGame</Filter>
    </ClInclude>
    <ClInclude Include="Host.h">
      <Filter>Headers\TestGame</Filter>
    </ClInclude>
    <ClInclude Include="LobbyGUI.h">
      <Filter>Headers\TestGame</Filter>
    </ClInclude>
    <ClInclude Include="MainMenu.h">
      <Filter>Headers\TestGame</Filter>
    </ClInclude>
    <ClInclude Include="MenuState.h">
      <Filter>Headers\TestGame</Filter>
    </ClInclude>
    <ClInclude Include="MultiplayerGameState.h">
      <Filter>Headers\TestGame</Filter>
    </ClInclude>
    <ClInclude Include="MultiplayerState.h">
      <Filter>Headers\TestGame</Filter>
    </ClInclude>
    <ClInclude Include="Packets.h">
      <Filter>Headers\TestGame</Filter>
    </ClInclude>
    <ClInclude Include="TestScene.h">
      <Filter>Headers\TestGame</Filter>
    </ClInclude>
    <ClInclude Include="ThirdPersonUtilities.h">
      <Filter>Headers\TestGame</Filter>
    </ClInclude>
    <ClInclude Include="..\graphicsutilities\Win32Graphics.h">
      <Filter>Headers\graphicsutilities</Filter>
    </ClInclude>
    <ClInclude Include="playgroundmode.hpp">
      <Filter>Headers\TestGame</Filter>
    </ClInclude>
  </ItemGroup>
  <ItemGroup>
    <ClCompile Include="..\coreutilities\AllSourceFiles.cpp">
      <Filter>Source\coreutilities</Filter>
    </ClCompile>
    <ClCompile Include="..\coreutilities\Application.cpp">
      <Filter>Source\coreutilities</Filter>
    </ClCompile>
    <ClCompile Include="..\coreutilities\Assets.cpp">
      <Filter>Source\coreutilities</Filter>
    </ClCompile>
    <ClCompile Include="..\coreutilities\CameraUtilities.cpp">
      <Filter>Source\coreutilities</Filter>
    </ClCompile>
    <ClCompile Include="..\coreutilities\CommonUtilities.cpp">
      <Filter>Source\coreutilities</Filter>
    </ClCompile>
    <ClCompile Include="..\coreutilities\Components.cpp">
      <Filter>Source\coreutilities</Filter>
    </ClCompile>
    <ClCompile Include="..\coreutilities\Console.cpp">
      <Filter>Source\coreutilities</Filter>
    </ClCompile>
    <ClCompile Include="..\coreutilities\DebugPanel.cpp">
      <Filter>Source\coreutilities</Filter>
    </ClCompile>
    <ClCompile Include="..\coreutilities\DungeonGen.cpp">
      <Filter>Source\coreutilities</Filter>
    </ClCompile>
    <ClCompile Include="..\coreutilities\EngineCore.cpp">
      <Filter>Source\coreutilities</Filter>
    </ClCompile>
    <ClCompile Include="..\coreutilities\FlexKitApplication.cpp">
      <Filter>Source\coreutilities</Filter>
    </ClCompile>
    <ClCompile Include="..\coreutilities\GUIInputState.cpp">
      <Filter>Source\coreutilities</Filter>
    </ClCompile>
    <ClCompile Include="..\coreutilities\GameFramework.cpp">
      <Filter>Source\coreutilities</Filter>
    </ClCompile>
    <ClCompile Include="..\coreutilities\GraphicScene.cpp">
      <Filter>Source\coreutilities</Filter>
    </ClCompile>
    <ClCompile Include="..\coreutilities\GraphicsComponents.cpp">
      <Filter>Source\coreutilities</Filter>
    </ClCompile>
    <ClCompile Include="..\coreutilities\Handle.cpp">
      <Filter>Source\coreutilities</Filter>
    </ClCompile>
    <ClCompile Include="..\coreutilities\Intersection.cpp">
      <Filter>Source\coreutilities</Filter>
    </ClCompile>
    <ClCompile Include="..\coreutilities\Logging.cpp">
      <Filter>Source\coreutilities</Filter>
    </ClCompile>
    <ClCompile Include="..\coreutilities\Materials.cpp">
      <Filter>Source\coreutilities</Filter>
    </ClCompile>
    <ClCompile Include="..\coreutilities\MathUtils.cpp">
      <Filter>Source\coreutilities</Filter>
    </ClCompile>
    <ClCompile Include="..\coreutilities\NetworkUtilities.cpp">
      <Filter>Source\coreutilities</Filter>
    </ClCompile>
    <ClCompile Include="..\coreutilities\ProfilingUtilities.cpp">
      <Filter>Source\coreutilities</Filter>
    </ClCompile>
    <ClCompile Include="..\coreutilities\ThreadUtilities.cpp">
      <Filter>Source\coreutilities</Filter>
    </ClCompile>
    <ClCompile Include="..\coreutilities\Transforms.cpp">
      <Filter>Source\coreutilities</Filter>
    </ClCompile>
    <ClCompile Include="..\coreutilities\WorldRender.cpp">
      <Filter>Source\coreutilities</Filter>
    </ClCompile>
    <ClCompile Include="..\coreutilities\memoryutilities.cpp">
      <Filter>Source\coreutilities</Filter>
    </ClCompile>
    <ClCompile Include="..\coreutilities\signal.cpp">
      <Filter>Source\coreutilities</Filter>
    </ClCompile>
    <ClCompile Include="..\coreutilities\timeutilities.cpp">
      <Filter>Source\coreutilities</Filter>
    </ClCompile>
    <ClCompile Include="..\coreutilities\type.cpp">
      <Filter>Source\coreutilities</Filter>
    </ClCompile>
    <ClCompile Include="..\graphicsutilities\AnimationComponents.cpp">
      <Filter>Source\graphicsutilities</Filter>
    </ClCompile>
    <ClCompile Include="..\graphicsutilities\AnimationRuntimeUtilities.cpp">
      <Filter>Source\graphicsutilities</Filter>
    </ClCompile>
    <ClCompile Include="..\graphicsutilities\AnimationUtilities.cpp">
      <Filter>Source\graphicsutilities</Filter>
    </ClCompile>
    <ClCompile Include="..\graphicsutilities\CoreSceneObjects.cpp">
      <Filter>Source\graphicsutilities</Filter>
    </ClCompile>
    <ClCompile Include="..\graphicsutilities\DDSUtilities.cpp">
      <Filter>Source\graphicsutilities</Filter>
    </ClCompile>
    <ClCompile Include="..\graphicsutilities\Fonts.cpp">
      <Filter>Source\graphicsutilities</Filter>
    </ClCompile>
    <ClCompile Include="..\graphicsutilities\FrameGraph.cpp">
      <Filter>Source\graphicsutilities</Filter>
    </ClCompile>
    <ClCompile Include="..\graphicsutilities\Geometry.cpp">
      <Filter>Source\graphicsutilities</Filter>
    </ClCompile>
    <ClCompile Include="..\graphicsutilities\GuiUtilities.cpp">
      <Filter>Source\graphicsutilities</Filter>
    </ClCompile>
    <ClCompile Include="..\graphicsutilities\Meshutils.cpp">
      <Filter>Source\graphicsutilities</Filter>
    </ClCompile>
    <ClCompile Include="..\graphicsutilities\PipelineState.cpp">
      <Filter>Source\graphicsutilities</Filter>
    </ClCompile>
    <ClCompile Include="..\graphicsutilities\SSReflections.cpp">
      <Filter>Source\graphicsutilities</Filter>
    </ClCompile>
    <ClCompile Include="..\graphicsutilities\TerrainRendering.cpp">
      <Filter>Source\graphicsutilities</Filter>
    </ClCompile>
    <ClCompile Include="..\graphicsutilities\TextRendering.cpp">
      <Filter>Source\graphicsutilities</Filter>
    </ClCompile>
    <ClCompile Include="..\graphicsutilities\TextureStreamingUtilities.cpp">
      <Filter>Source\graphicsutilities</Filter>
    </ClCompile>
    <ClCompile Include="..\graphicsutilities\TextureUtilities.cpp">
      <Filter>Source\graphicsutilities</Filter>
    </ClCompile>
    <ClCompile Include="..\graphicsutilities\defaultpipelinestates.cpp">
      <Filter>Source\graphicsutilities</Filter>
    </ClCompile>
    <ClCompile Include="..\graphicsutilities\graphics.cpp">
      <Filter>Source\graphicsutilities</Filter>
    </ClCompile>
    <ClCompile Include="..\physicsutilities\physicsutilities.cpp">
      <Filter>Source\physicsutilities</Filter>
    </ClCompile>
    <ClCompile Include="Client.cpp">
      <Filter>Source\TestGame</Filter>
    </ClCompile>
    <ClCompile Include="GamePlay.cpp">
      <Filter>Source\TestGame</Filter>
    </ClCompile>
    <ClCompile Include="Host.cpp">
      <Filter>Source\TestGame</Filter>
    </ClCompile>
    <ClCompile Include="LobbyGUI.cpp">
      <Filter>Source\TestGame</Filter>
    </ClCompile>
    <ClCompile Include="MainMenu.cpp">
      <Filter>Source\TestGame</Filter>
    </ClCompile>
    <ClCompile Include="MenuState.cpp">
      <Filter>Source\TestGame</Filter>
    </ClCompile>
    <ClCompile Include="MultiplayerGameState.cpp">
      <Filter>Source\TestGame</Filter>
    </ClCompile>
    <ClCompile Include="MultiplayerState.cpp">
      <Filter>Source\TestGame</Filter>
    </ClCompile>
    <ClCompile Include="Win64.cpp">
      <Filter>Source\TestGame</Filter>
    </ClCompile>
  </ItemGroup>
  <ItemGroup>
    <FxCompile Include="..\shaders\ACC.hlsl">
      <Filter>Headers\shaders</Filter>
    </FxCompile>
    <FxCompile Include="..\shaders\BilateralBlur.hlsl">
      <Filter>Headers\shaders</Filter>
    </FxCompile>
    <FxCompile Include="..\shaders\ClearRenderTarget.hlsl">
      <Filter>Headers\shaders</Filter>
    </FxCompile>
    <FxCompile Include="..\shaders\ComputeAuto.hlsl">
      <Filter>Headers\shaders</Filter>
    </FxCompile>
    <FxCompile Include="..\shaders\CopyOut.hlsl">
      <Filter>Headers\shaders</Filter>
    </FxCompile>
    <FxCompile Include="..\shaders\DrawInstancedPShader.hlsl">
      <Filter>Headers\shaders</Filter>
    </FxCompile>
    <FxCompile Include="..\shaders\DrawInstancedVShader.hlsl">
      <Filter>Headers\shaders</Filter>
    </FxCompile>
    <FxCompile Include="..\shaders\ForwardPassPShader.hlsl">
      <Filter>Headers\shaders</Filter>
    </FxCompile>
    <FxCompile Include="..\shaders\ForwardPassVShader.hlsl">
      <Filter>Headers\shaders</Filter>
    </FxCompile>
    <FxCompile Include="..\shaders\FullscreenQuad.hlsl">
      <Filter>Headers\shaders</Filter>
    </FxCompile>
    <FxCompile Include="..\shaders\SSRCompute.hlsl">
      <Filter>Headers\shaders</Filter>
    </FxCompile>
    <FxCompile Include="..\shaders\StaticMeshBatcher.hlsl">
      <Filter>Headers\shaders</Filter>
    </FxCompile>
    <FxCompile Include="..\shaders\Temp.hlsl">
      <Filter>Headers\shaders</Filter>
    </FxCompile>
    <FxCompile Include="..\shaders\TextRendering.hlsl">
      <Filter>Headers\shaders</Filter>
    </FxCompile>
    <FxCompile Include="..\shaders\TextureFeedback.hlsl">
      <Filter>Headers\shaders</Filter>
    </FxCompile>
    <FxCompile Include="..\shaders\TextureFeedbackCompressor.hlsl">
      <Filter>Headers\shaders</Filter>
    </FxCompile>
    <FxCompile Include="..\shaders\VPP.hlsl">
      <Filter>Headers\shaders</Filter>
    </FxCompile>
    <FxCompile Include="..\shaders\VSFullscreenQuad.hlsl">
      <Filter>Headers\shaders</Filter>
    </FxCompile>
    <FxCompile Include="..\shaders\common.hlsl">
      <Filter>Headers\shaders</Filter>
    </FxCompile>
    <FxCompile Include="..\shaders\computedeferredtiledshading.hlsl">
      <Filter>Headers\shaders</Filter>
    </FxCompile>
    <FxCompile Include="..\shaders\cshader.hlsl">
      <Filter>Headers\shaders</Filter>
    </FxCompile>
    <FxCompile Include="..\shaders\cullterrain.hlsl">
      <Filter>Headers\shaders</Filter>
    </FxCompile>
    <FxCompile Include="..\shaders\deferredRender.hlsl">
      <Filter>Headers\shaders</Filter>
    </FxCompile>
    <FxCompile Include="..\shaders\forwardRender.hlsl">
      <Filter>Headers\shaders</Filter>
    </FxCompile>
    <FxCompile Include="..\shaders\forwardRenderTerrain.hlsl">
      <Filter>Headers\shaders</Filter>
    </FxCompile>
    <FxCompile Include="..\shaders\forwardRenderTerrainDEBUG.hlsl">
      <Filter>Headers\shaders</Filter>
    </FxCompile>
    <FxCompile Include="..\shaders\gshader.hlsl">
      <Filter>Headers\shaders</Filter>
    </FxCompile>
    <FxCompile Include="..\shaders\imguiShaders.hlsl">
      <Filter>Headers\shaders</Filter>
    </FxCompile>
    <FxCompile Include="..\shaders\lightPass.hlsl">
      <Filter>Headers\shaders</Filter>
    </FxCompile>
    <FxCompile Include="..\shaders\pbr.hlsl">
      <Filter>Headers\shaders</Filter>
    </FxCompile>
    <FxCompile Include="..\shaders\pshader.hlsl">
      <Filter>Headers\shaders</Filter>
    </FxCompile>
    <FxCompile Include="..\shaders\tdshader.hlsl">
      <Filter>Headers\shaders</Filter>
    </FxCompile>
    <FxCompile Include="..\shaders\terrainRenderingCommon.hlsl">
      <Filter>Headers\shaders</Filter>
    </FxCompile>
    <FxCompile Include="..\shaders\texture2Cubemap.hlsl">
      <Filter>Headers\shaders</Filter>
    </FxCompile>
    <FxCompile Include="..\shaders\tgshader.hlsl">
      <Filter>Headers\shaders</Filter>
    </FxCompile>
    <FxCompile Include="..\shaders\thshader.hlsl">
      <Filter>Headers\shaders</Filter>
    </FxCompile>
    <FxCompile Include="..\shaders\tvshader.hlsl">
      <Filter>Headers\shaders</Filter>
    </FxCompile>
    <FxCompile Include="..\shaders\vshader.hlsl">
      <Filter>Headers\shaders</Filter>
    </FxCompile>
  </ItemGroup>
</Project>